PODS:
  - AFNetworking (1.3.2)
  - FlatUIKit (1.2)
  - RNGridMenu (0.1.3)

DEPENDENCIES:
  - AFNetworking (~> 1.3.2)
  - FlatUIKit
  - RNGridMenu (~> 0.1.2)

SPEC CHECKSUMS:
  AFNetworking: 7f9bcd7c287a75476cd5c61e82fd3380e93e4c54
  FlatUIKit: 43b2acaa6f4ef57539b51b00e4ce62d506e33e11
  RNGridMenu: 8aed69538abb8280f496a88fb24e0cf7dd180caf

COCOAPODS: 0.24.0
