// !$*UTF8*$!
{
	archiveVersion = 1;
	classes = {
	};
	objectVersion = 46;
	objects = {

/* Begin PBXBuildFile section */
		5559A5A8254C4411A9D532DE /* libPods.a in Frameworks */ = {isa = PBXBuildFile; fileRef = 3414B20CD0D2432A95F704F1 /* libPods.a */; };
		BBA0C2E417F27754008F6C4B /* CoreTelephony.framework in Frameworks */ = {isa = PBXBuildFile; fileRef = BBA0C2E217F27754008F6C4B /* CoreTelephony.framework */; };
		BBA0C2E517F27754008F6C4B /* SystemConfiguration.framework in Frameworks */ = {isa = PBXBuildFile; fileRef = BBA0C2E317F27754008F6C4B /* SystemConfiguration.framework */; };
		BBA0C2E717F2775C008F6C4B /* libz.dylib in Frameworks */ = {isa = PBXBuildFile; fileRef = BBA0C2E617F2775C008F6C4B /* libz.dylib */; };
		BBE5982F17E4890200C1A33F /* WTSearchViewCell.m in Sources */ = {isa = PBXBuildFile; fileRef = BBE5982E17E4890200C1A33F /* WTSearchViewCell.m */; };
		BBE5983217E59AAB00C1A33F /* shop_toast_image.png in Resources */ = {isa = PBXBuildFile; fileRef = BBE5983017E59AAB00C1A33F /* shop_toast_image.png */; };
		BBE5983317E59AAB00C1A33F /* shop_toast_image@2x.png in Resources */ = {isa = PBXBuildFile; fileRef = BBE5983117E59AAB00C1A33F /* shop_toast_image@2x.png */; };
		BBE5983517E59CE200C1A33F /* WTToastView.xib in Resources */ = {isa = PBXBuildFile; fileRef = BBE5983417E59CE200C1A33F /* WTToastView.xib */; };
		D81BE9C3182CC9A8008963BD /* area_district.plist in Resources */ = {isa = PBXBuildFile; fileRef = D81BE9C0182CC9A8008963BD /* area_district.plist */; };
		D81BE9C4182CC9A8008963BD /* genre_cuisine.plist in Resources */ = {isa = PBXBuildFile; fileRef = D81BE9C1182CC9A8008963BD /* genre_cuisine.plist */; };
		D81BE9C5182CC9A8008963BD /* region_area.plist in Resources */ = {isa = PBXBuildFile; fileRef = D81BE9C2182CC9A8008963BD /* region_area.plist */; };
		D81BE9C7182CCF28008963BD /* period_budget.plist in Resources */ = {isa = PBXBuildFile; fileRef = D81BE9C6182CCF28008963BD /* period_budget.plist */; };
		D81BE9CA182E1697008963BD /* WTShopInfoView.m in Sources */ = {isa = PBXBuildFile; fileRef = D81BE9C9182E1697008963BD /* WTShopInfoView.m */; };
		D81BEA10182E6CBB008963BD /* QuartzCore.framework in Frameworks */ = {isa = PBXBuildFile; fileRef = D81BEA0F182E6CBB008963BD /* QuartzCore.framework */; };
		D81BEA13182F2A21008963BD /* WTPlaceHolderTextView.m in Sources */ = {isa = PBXBuildFile; fileRef = D81BEA12182F2A21008963BD /* WTPlaceHolderTextView.m */; };
		D81BEA1A182F50CC008963BD /* cell_seperate_line@2x.png in Resources */ = {isa = PBXBuildFile; fileRef = D81BEA18182F50CC008963BD /* cell_seperate_line@2x.png */; };
		D81BEA1B182F50CC008963BD /* cell_seperate_line.png in Resources */ = {isa = PBXBuildFile; fileRef = D81BEA19182F50CC008963BD /* cell_seperate_line.png */; };
		D81BEA1E182F575B008963BD /* app_logo.png in Resources */ = {isa = PBXBuildFile; fileRef = D81BEA1C182F575B008963BD /* app_logo.png */; };
		D81BEA1F182F575B008963BD /* app_logo@2x.png in Resources */ = {isa = PBXBuildFile; fileRef = D81BEA1D182F575B008963BD /* app_logo@2x.png */; };
		D822FB7318337E3800EA59EF /* cell_shop_profile_default@2x.png in Resources */ = {isa = PBXBuildFile; fileRef = D822FB7118337E3800EA59EF /* cell_shop_profile_default@2x.png */; };
		D822FB7418337E3800EA59EF /* cell_shop_profile_default.png in Resources */ = {isa = PBXBuildFile; fileRef = D822FB7218337E3800EA59EF /* cell_shop_profile_default.png */; };
		D825D19B1819191C00E11E68 /* WTLoadMoreCell.m in Sources */ = {isa = PBXBuildFile; fileRef = D825D19A1819191C00E11E68 /* WTLoadMoreCell.m */; };
		D825D19D1819195C00E11E68 /* WTLoadMoreCell.xib in Resources */ = {isa = PBXBuildFile; fileRef = D825D19C1819195C00E11E68 /* WTLoadMoreCell.xib */; };
		D825D1A0181A3ECB00E11E68 /* WTShopPhoto.m in Sources */ = {isa = PBXBuildFile; fileRef = D825D19F181A3ECB00E11E68 /* WTShopPhoto.m */; };
		D8381E5D180D6B8A003C3166 /* WTSettingViewController.m in Sources */ = {isa = PBXBuildFile; fileRef = D8381E5C180D6B8A003C3166 /* WTSettingViewController.m */; };
		D86097D2182285B500779B24 /* facebook_long_botton.png in Resources */ = {isa = PBXBuildFile; fileRef = D86097B8182285B400779B24 /* facebook_long_botton.png */; };
		D86097D3182285B500779B24 /* facebook_long_botton@2x.png in Resources */ = {isa = PBXBuildFile; fileRef = D86097B9182285B400779B24 /* facebook_long_botton@2x.png */; };
		D86097D8182285B500779B24 /* iphone.png in Resources */ = {isa = PBXBuildFile; fileRef = D86097BE182285B400779B24 /* iphone.png */; };
		D86097D9182285B500779B24 /* iphone@2x.png in Resources */ = {isa = PBXBuildFile; fileRef = D86097BF182285B400779B24 /* iphone@2x.png */; };
		D86097DA182285B500779B24 /* main_shake_button.png in Resources */ = {isa = PBXBuildFile; fileRef = D86097C0182285B400779B24 /* main_shake_button.png */; };
		D86097DB182285B500779B24 /* main_shake_button@2x.png in Resources */ = {isa = PBXBuildFile; fileRef = D86097C1182285B400779B24 /* main_shake_button@2x.png */; };
		D86097DC182285B500779B24 /* star.png in Resources */ = {isa = PBXBuildFile; fileRef = D86097C2182285B400779B24 /* star.png */; };
		D86097DD182285B500779B24 /* star@2x.png in Resources */ = {isa = PBXBuildFile; fileRef = D86097C3182285B500779B24 /* star@2x.png */; };
		D86097E0182285B500779B24 /* twitter_long_botton.png in Resources */ = {isa = PBXBuildFile; fileRef = D86097C6182285B500779B24 /* twitter_long_botton.png */; };
		D86097E1182285B500779B24 /* twitter_long_botton@2x.png in Resources */ = {isa = PBXBuildFile; fileRef = D86097C7182285B500779B24 /* twitter_long_botton@2x.png */; };
		D86097F6182285C900779B24 /* back_icon.png in Resources */ = {isa = PBXBuildFile; fileRef = D86097E6182285C900779B24 /* back_icon.png */; };
		D86097F7182285C900779B24 /* back_icon@2x.png in Resources */ = {isa = PBXBuildFile; fileRef = D86097E7182285C900779B24 /* back_icon@2x.png */; };
		D8609800182285C900779B24 /* list_checkmark.png in Resources */ = {isa = PBXBuildFile; fileRef = D86097F0182285C900779B24 /* list_checkmark.png */; };
		D8609801182285C900779B24 /* list_checkmark@2x.png in Resources */ = {isa = PBXBuildFile; fileRef = D86097F1182285C900779B24 /* list_checkmark@2x.png */; };
		D860980718235A2300779B24 /* MapKit.framework in Frameworks */ = {isa = PBXBuildFile; fileRef = D860980618235A2300779B24 /* MapKit.framework */; };
		D860980A18235AB200779B24 /* WTShopMapViewController.m in Sources */ = {isa = PBXBuildFile; fileRef = D860980918235AB200779B24 /* WTShopMapViewController.m */; };
		D8609810182385C300779B24 /* WTShopAnnotation.m in Sources */ = {isa = PBXBuildFile; fileRef = D860980F182385C300779B24 /* WTShopAnnotation.m */; };
		D860981218239D6900779B24 /* AddressBook.framework in Frameworks */ = {isa = PBXBuildFile; fileRef = D860981118239D6900779B24 /* AddressBook.framework */; };
		D883BDA4181A490000EC725D /* shop_no_photo@2x.png in Resources */ = {isa = PBXBuildFile; fileRef = D883BDA2181A490000EC725D /* shop_no_photo@2x.png */; };
		D883BDA5181A490000EC725D /* shop_no_photo.png in Resources */ = {isa = PBXBuildFile; fileRef = D883BDA3181A490000EC725D /* shop_no_photo.png */; };
		D883BDA8181AA4A900EC725D /* WTSharePostViewController.m in Sources */ = {isa = PBXBuildFile; fileRef = D883BDA7181AA4A900EC725D /* WTSharePostViewController.m */; };
		D8AFFC5C182F810E001F045F /* WTCustomNavigationController.m in Sources */ = {isa = PBXBuildFile; fileRef = D8AFFC5B182F810E001F045F /* WTCustomNavigationController.m */; };
		D8AFFC68182FD42E001F045F /* WTFavorViewController.m in Sources */ = {isa = PBXBuildFile; fileRef = D8AFFC67182FD42E001F045F /* WTFavorViewController.m */; };
		D8AFFC7518307723001F045F /* default_profile_female.png in Resources */ = {isa = PBXBuildFile; fileRef = D8AFFC6918307722001F045F /* default_profile_female.png */; };
		D8AFFC7618307723001F045F /* default_profile_female@2x.png in Resources */ = {isa = PBXBuildFile; fileRef = D8AFFC6A18307722001F045F /* default_profile_female@2x.png */; };
		D8AFFC7718307723001F045F /* default_profile_male.png in Resources */ = {isa = PBXBuildFile; fileRef = D8AFFC6B18307722001F045F /* default_profile_male.png */; };
		D8AFFC7818307723001F045F /* default_profile_male@2x.png in Resources */ = {isa = PBXBuildFile; fileRef = D8AFFC6C18307722001F045F /* default_profile_male@2x.png */; };
		D8AFFC7918307723001F045F /* default_shop_pic.png in Resources */ = {isa = PBXBuildFile; fileRef = D8AFFC6D18307722001F045F /* default_shop_pic.png */; };
		D8AFFC7A18307723001F045F /* default_shop_pic@2x.png in Resources */ = {isa = PBXBuildFile; fileRef = D8AFFC6E18307722001F045F /* default_shop_pic@2x.png */; };
		D8AFFC7B18307723001F045F /* grey_star.png in Resources */ = {isa = PBXBuildFile; fileRef = D8AFFC6F18307722001F045F /* grey_star.png */; };
		D8AFFC7C18307723001F045F /* grey_star@2x.png in Resources */ = {isa = PBXBuildFile; fileRef = D8AFFC7018307722001F045F /* grey_star@2x.png */; };
		D8AFFC7D18307723001F045F /* share_grey_fb_botton.png in Resources */ = {isa = PBXBuildFile; fileRef = D8AFFC7118307722001F045F /* share_grey_fb_botton.png */; };
		D8AFFC7E18307723001F045F /* share_grey_fb_botton@2x.png in Resources */ = {isa = PBXBuildFile; fileRef = D8AFFC7218307723001F045F /* share_grey_fb_botton@2x.png */; };
		D8AFFC7F18307723001F045F /* share_grey_twitter_botton.png in Resources */ = {isa = PBXBuildFile; fileRef = D8AFFC7318307723001F045F /* share_grey_twitter_botton.png */; };
		D8AFFC8018307723001F045F /* share_grey_twitter_botton@2x.png in Resources */ = {isa = PBXBuildFile; fileRef = D8AFFC7418307723001F045F /* share_grey_twitter_botton@2x.png */; };
		D8AFFC89183077B4001F045F /* like_button.png in Resources */ = {isa = PBXBuildFile; fileRef = D8AFFC81183077B4001F045F /* like_button.png */; };
		D8AFFC8A183077B4001F045F /* like_button@2x.png in Resources */ = {isa = PBXBuildFile; fileRef = D8AFFC82183077B4001F045F /* like_button@2x.png */; };
		D8AFFC8B183077B4001F045F /* liked_button.png in Resources */ = {isa = PBXBuildFile; fileRef = D8AFFC83183077B4001F045F /* liked_button.png */; };
		D8AFFC8C183077B4001F045F /* liked_button@2x.png in Resources */ = {isa = PBXBuildFile; fileRef = D8AFFC84183077B4001F045F /* liked_button@2x.png */; };
		D8AFFC8D183077B4001F045F /* map_button.png in Resources */ = {isa = PBXBuildFile; fileRef = D8AFFC85183077B4001F045F /* map_button.png */; };
		D8AFFC8E183077B4001F045F /* map_button@2x.png in Resources */ = {isa = PBXBuildFile; fileRef = D8AFFC86183077B4001F045F /* map_button@2x.png */; };
		D8AFFC8F183077B4001F045F /* phone_button.png in Resources */ = {isa = PBXBuildFile; fileRef = D8AFFC87183077B4001F045F /* phone_button.png */; };
		D8AFFC90183077B4001F045F /* phone_button@2x.png in Resources */ = {isa = PBXBuildFile; fileRef = D8AFFC88183077B4001F045F /* phone_button@2x.png */; };
		D8AFFCD61830D5C2001F045F /* UIImage+ResizeAndCrop.m in Sources */ = {isa = PBXBuildFile; fileRef = D8AFFCD51830D5C2001F045F /* UIImage+ResizeAndCrop.m */; };
		D8BD9DD618052A9A00DC0F07 /* WTUser.m in Sources */ = {isa = PBXBuildFile; fileRef = D8BD9DD518052A9A00DC0F07 /* WTUser.m */; };
		D8BD9DD918052AB700DC0F07 /* WTSettingManager.m in Sources */ = {isa = PBXBuildFile; fileRef = D8BD9DD818052AB700DC0F07 /* WTSettingManager.m */; };
		D8BD9DDE1809381500DC0F07 /* WTDataDef.m in Sources */ = {isa = PBXBuildFile; fileRef = D8BD9DDD1809381500DC0F07 /* WTDataDef.m */; };
		D8BD9DE11809580700DC0F07 /* WTPost.m in Sources */ = {isa = PBXBuildFile; fileRef = D8BD9DE01809580700DC0F07 /* WTPost.m */; };
		D8C2DA0E17FC3D53000C4A0C /* Social.framework in Frameworks */ = {isa = PBXBuildFile; fileRef = D8C2DA0D17FC3D53000C4A0C /* Social.framework */; };
		D8C2DA1017FC430A000C4A0C /* Accounts.framework in Frameworks */ = {isa = PBXBuildFile; fileRef = D8C2DA0F17FC430A000C4A0C /* Accounts.framework */; };
		D8C61E70180AA6F400E654BF /* WTSharePostCell.m in Sources */ = {isa = PBXBuildFile; fileRef = D8C61E6F180AA6F400E654BF /* WTSharePostCell.m */; };
		D8C61E76180BF37B00E654BF /* WTHttpEngine.m in Sources */ = {isa = PBXBuildFile; fileRef = D8C61E75180BF37B00E654BF /* WTHttpEngine.m */; };
		D8C68E3B17E0775E002BCFCC /* Foundation.framework in Frameworks */ = {isa = PBXBuildFile; fileRef = D8C68E3A17E0775E002BCFCC /* Foundation.framework */; };
		D8C68E3D17E0775E002BCFCC /* CoreGraphics.framework in Frameworks */ = {isa = PBXBuildFile; fileRef = D8C68E3C17E0775E002BCFCC /* CoreGraphics.framework */; };
		D8C68E3F17E0775E002BCFCC /* UIKit.framework in Frameworks */ = {isa = PBXBuildFile; fileRef = D8C68E3E17E0775E002BCFCC /* UIKit.framework */; };
		D8C68E4517E0775E002BCFCC /* InfoPlist.strings in Resources */ = {isa = PBXBuildFile; fileRef = D8C68E4317E0775E002BCFCC /* InfoPlist.strings */; };
		D8C68E4717E0775E002BCFCC /* main.m in Sources */ = {isa = PBXBuildFile; fileRef = D8C68E4617E0775E002BCFCC /* main.m */; };
		D8C68E4B17E0775E002BCFCC /* WTAppDelegate.m in Sources */ = {isa = PBXBuildFile; fileRef = D8C68E4A17E0775E002BCFCC /* WTAppDelegate.m */; };
		D8C68E4E17E0775E002BCFCC /* Main.storyboard in Resources */ = {isa = PBXBuildFile; fileRef = D8C68E4C17E0775E002BCFCC /* Main.storyboard */; };
		D8C68E5317E0775E002BCFCC /* Images.xcassets in Resources */ = {isa = PBXBuildFile; fileRef = D8C68E5217E0775E002BCFCC /* Images.xcassets */; };
		D8C68E5A17E0775E002BCFCC /* XCTest.framework in Frameworks */ = {isa = PBXBuildFile; fileRef = D8C68E5917E0775E002BCFCC /* XCTest.framework */; };
		D8C68E5B17E0775E002BCFCC /* Foundation.framework in Frameworks */ = {isa = PBXBuildFile; fileRef = D8C68E3A17E0775E002BCFCC /* Foundation.framework */; };
		D8C68E5C17E0775E002BCFCC /* UIKit.framework in Frameworks */ = {isa = PBXBuildFile; fileRef = D8C68E3E17E0775E002BCFCC /* UIKit.framework */; };
		D8C68E6417E0775E002BCFCC /* InfoPlist.strings in Resources */ = {isa = PBXBuildFile; fileRef = D8C68E6217E0775E002BCFCC /* InfoPlist.strings */; };
		D8C68E6617E0775E002BCFCC /* WeShakeTests.m in Sources */ = {isa = PBXBuildFile; fileRef = D8C68E6517E0775E002BCFCC /* WeShakeTests.m */; };
		D8C68E9B17E0785F002BCFCC /* NSMutableArray+Shuffling.m in Sources */ = {isa = PBXBuildFile; fileRef = D8C68E7117E0785F002BCFCC /* NSMutableArray+Shuffling.m */; };
		D8C68EB217E0785F002BCFCC /* WTShop.m in Sources */ = {isa = PBXBuildFile; fileRef = D8C68E8B17E0785F002BCFCC /* WTShop.m */; };
		D8C68EB417E0785F002BCFCC /* WTToastView.m in Sources */ = {isa = PBXBuildFile; fileRef = D8C68E9217E0785F002BCFCC /* WTToastView.m */; };
		D8C68EC117E19E66002BCFCC /* WTSegmentedControl.m in Sources */ = {isa = PBXBuildFile; fileRef = D8C68EC017E19E66002BCFCC /* WTSegmentedControl.m */; };
		D8CD93A317FD4A91002D5347 /* WTAccountManager.m in Sources */ = {isa = PBXBuildFile; fileRef = D8CD939E17FD4A91002D5347 /* WTAccountManager.m */; };
		D8CD93A417FD4A91002D5347 /* WTLocationManager.m in Sources */ = {isa = PBXBuildFile; fileRef = D8CD93A017FD4A91002D5347 /* WTLocationManager.m */; };
		D8CD93A517FD4A91002D5347 /* WTShopManager.m in Sources */ = {isa = PBXBuildFile; fileRef = D8CD93A217FD4A91002D5347 /* WTShopManager.m */; };
		D8CD93B117FD4ACC002D5347 /* WTLoginViewController.m in Sources */ = {isa = PBXBuildFile; fileRef = D8CD93A817FD4ACC002D5347 /* WTLoginViewController.m */; };
		D8CD93B217FD4ACC002D5347 /* WTMainViewController.m in Sources */ = {isa = PBXBuildFile; fileRef = D8CD93AA17FD4ACC002D5347 /* WTMainViewController.m */; };
		D8CD93B317FD4ACC002D5347 /* WTSearchMenuViewController.m in Sources */ = {isa = PBXBuildFile; fileRef = D8CD93AC17FD4ACC002D5347 /* WTSearchMenuViewController.m */; };
		D8CD93B417FD4ACC002D5347 /* WTSearchViewController.m in Sources */ = {isa = PBXBuildFile; fileRef = D8CD93AE17FD4ACC002D5347 /* WTSearchViewController.m */; };
		D8CD93B517FD4ACC002D5347 /* WTShopViewController.m in Sources */ = {isa = PBXBuildFile; fileRef = D8CD93B017FD4ACC002D5347 /* WTShopViewController.m */; };
		D8CD93B817FD55E3002D5347 /* WTCaptureViewController.m in Sources */ = {isa = PBXBuildFile; fileRef = D8CD93B717FD55E3002D5347 /* WTCaptureViewController.m */; };
		D8CD93BB17FD5606002D5347 /* WTAboutMeViewController.m in Sources */ = {isa = PBXBuildFile; fileRef = D8CD93BA17FD5606002D5347 /* WTAboutMeViewController.m */; };
		D8D53B4C1801AC8900D67EAF /* AVFoundation.framework in Frameworks */ = {isa = PBXBuildFile; fileRef = D8D53B4B1801AC8900D67EAF /* AVFoundation.framework */; };
		D8D53B4E1801B4B600D67EAF /* AssetsLibrary.framework in Frameworks */ = {isa = PBXBuildFile; fileRef = D8D53B4D1801B4B600D67EAF /* AssetsLibrary.framework */; };
		D8F0F464183485D200289C54 /* WTSharePostShopCell.m in Sources */ = {isa = PBXBuildFile; fileRef = D8F0F463183485D200289C54 /* WTSharePostShopCell.m */; };
		D8F0F4721834CF6400289C54 /* libFlurry_4.3.0.a in Frameworks */ = {isa = PBXBuildFile; fileRef = D8F0F4711834CF6400289C54 /* libFlurry_4.3.0.a */; };
		D8F0F4741834D00500289C54 /* AdSupport.framework in Frameworks */ = {isa = PBXBuildFile; fileRef = D8F0F4731834D00500289C54 /* AdSupport.framework */; };
		D8F0F4811834D3F200289C54 /* home_camera_highlight.png in Resources */ = {isa = PBXBuildFile; fileRef = D8F0F4751834D3F200289C54 /* home_camera_highlight.png */; };
		D8F0F4821834D3F200289C54 /* home_camera_highlight@2x.png in Resources */ = {isa = PBXBuildFile; fileRef = D8F0F4761834D3F200289C54 /* home_camera_highlight@2x.png */; };
		D8F0F4831834D3F200289C54 /* home_camera.png in Resources */ = {isa = PBXBuildFile; fileRef = D8F0F4771834D3F200289C54 /* home_camera.png */; };
		D8F0F4841834D3F200289C54 /* home_camera@2x.png in Resources */ = {isa = PBXBuildFile; fileRef = D8F0F4781834D3F200289C54 /* home_camera@2x.png */; };
		D8F0F4851834D3F200289C54 /* home_find_highlight.png in Resources */ = {isa = PBXBuildFile; fileRef = D8F0F4791834D3F200289C54 /* home_find_highlight.png */; };
		D8F0F4861834D3F200289C54 /* home_find_highlight@2x.png in Resources */ = {isa = PBXBuildFile; fileRef = D8F0F47A1834D3F200289C54 /* home_find_highlight@2x.png */; };
		D8F0F4871834D3F200289C54 /* home_find.png in Resources */ = {isa = PBXBuildFile; fileRef = D8F0F47B1834D3F200289C54 /* home_find.png */; };
		D8F0F4881834D3F200289C54 /* home_find@2x.png in Resources */ = {isa = PBXBuildFile; fileRef = D8F0F47C1834D3F200289C54 /* home_find@2x.png */; };
		D8F0F4891834D3F200289C54 /* home_profile_highligh.png in Resources */ = {isa = PBXBuildFile; fileRef = D8F0F47D1834D3F200289C54 /* home_profile_highligh.png */; };
		D8F0F48A1834D3F200289C54 /* home_profile_highligh@2x.png in Resources */ = {isa = PBXBuildFile; fileRef = D8F0F47E1834D3F200289C54 /* home_profile_highligh@2x.png */; };
		D8F0F48B1834D3F200289C54 /* home_profile.png in Resources */ = {isa = PBXBuildFile; fileRef = D8F0F47F1834D3F200289C54 /* home_profile.png */; };
		D8F0F48C1834D3F200289C54 /* home_profile@2x.png in Resources */ = {isa = PBXBuildFile; fileRef = D8F0F4801834D3F200289C54 /* home_profile@2x.png */; };
		D8F0F48F1834E9F600289C54 /* main_place_arrow.png in Resources */ = {isa = PBXBuildFile; fileRef = D8F0F48D1834E9F600289C54 /* main_place_arrow.png */; };
		D8F0F4901834E9F600289C54 /* main_place_arrow@2x.png in Resources */ = {isa = PBXBuildFile; fileRef = D8F0F48E1834E9F600289C54 /* main_place_arrow@2x.png */; };
		D8F59CB218278DF500452799 /* home_config.png in Resources */ = {isa = PBXBuildFile; fileRef = D8F59CA818278DF500452799 /* home_config.png */; };
		D8F59CB318278DF500452799 /* home_config@2x.png in Resources */ = {isa = PBXBuildFile; fileRef = D8F59CA918278DF500452799 /* home_config@2x.png */; };
		D8F59CC018279FD500452799 /* camera_gleam.png in Resources */ = {isa = PBXBuildFile; fileRef = D8F59CBC18279FD500452799 /* camera_gleam.png */; };
		D8F59CC118279FD500452799 /* camera_gleam@2x.png in Resources */ = {isa = PBXBuildFile; fileRef = D8F59CBD18279FD500452799 /* camera_gleam@2x.png */; };
		D8F59CC218279FD500452799 /* camera_shutter.png in Resources */ = {isa = PBXBuildFile; fileRef = D8F59CBE18279FD500452799 /* camera_shutter.png */; };
		D8F59CC318279FD500452799 /* camera_shutter@2x.png in Resources */ = {isa = PBXBuildFile; fileRef = D8F59CBF18279FD500452799 /* camera_shutter@2x.png */; };
		D8F59CC81827A77F00452799 /* share_fb_botton.png in Resources */ = {isa = PBXBuildFile; fileRef = D8F59CC41827A77F00452799 /* share_fb_botton.png */; };
		D8F59CC91827A77F00452799 /* share_fb_botton@2x.png in Resources */ = {isa = PBXBuildFile; fileRef = D8F59CC51827A77F00452799 /* share_fb_botton@2x.png */; };
		D8F59CCA1827A77F00452799 /* share_twitter_botton.png in Resources */ = {isa = PBXBuildFile; fileRef = D8F59CC61827A77F00452799 /* share_twitter_botton.png */; };
		D8F59CCB1827A77F00452799 /* share_twitter_botton@2x.png in Resources */ = {isa = PBXBuildFile; fileRef = D8F59CC71827A77F00452799 /* share_twitter_botton@2x.png */; };
/* End PBXBuildFile section */

/* Begin PBXContainerItemProxy section */
		D8C68E5D17E0775E002BCFCC /* PBXContainerItemProxy */ = {
			isa = PBXContainerItemProxy;
			containerPortal = D8C68E2F17E0775E002BCFCC /* Project object */;
			proxyType = 1;
			remoteGlobalIDString = D8C68E3617E0775E002BCFCC;
			remoteInfo = WeShake;
		};
/* End PBXContainerItemProxy section */

/* Begin PBXFileReference section */
		3414B20CD0D2432A95F704F1 /* libPods.a */ = {isa = PBXFileReference; explicitFileType = archive.ar; includeInIndex = 0; path = libPods.a; sourceTree = BUILT_PRODUCTS_DIR; };
		65AADFE6DD0F4336B004DD2A /* Pods.xcconfig */ = {isa = PBXFileReference; includeInIndex = 1; lastKnownFileType = text.xcconfig; name = Pods.xcconfig; path = Pods/Pods.xcconfig; sourceTree = "<group>"; };
		BBA0C2E217F27754008F6C4B /* CoreTelephony.framework */ = {isa = PBXFileReference; lastKnownFileType = wrapper.framework; name = CoreTelephony.framework; path = System/Library/Frameworks/CoreTelephony.framework; sourceTree = SDKROOT; };
		BBA0C2E317F27754008F6C4B /* SystemConfiguration.framework */ = {isa = PBXFileReference; lastKnownFileType = wrapper.framework; name = SystemConfiguration.framework; path = System/Library/Frameworks/SystemConfiguration.framework; sourceTree = SDKROOT; };
		BBA0C2E617F2775C008F6C4B /* libz.dylib */ = {isa = PBXFileReference; lastKnownFileType = "compiled.mach-o.dylib"; name = libz.dylib; path = usr/lib/libz.dylib; sourceTree = SDKROOT; };
		BBE5982D17E4890200C1A33F /* WTSearchViewCell.h */ = {isa = PBXFileReference; fileEncoding = 4; lastKnownFileType = sourcecode.c.h; path = WTSearchViewCell.h; sourceTree = "<group>"; };
		BBE5982E17E4890200C1A33F /* WTSearchViewCell.m */ = {isa = PBXFileReference; fileEncoding = 4; lastKnownFileType = sourcecode.c.objc; path = WTSearchViewCell.m; sourceTree = "<group>"; };
		BBE5983017E59AAB00C1A33F /* shop_toast_image.png */ = {isa = PBXFileReference; lastKnownFileType = image.png; path = shop_toast_image.png; sourceTree = "<group>"; };
		BBE5983117E59AAB00C1A33F /* shop_toast_image@2x.png */ = {isa = PBXFileReference; lastKnownFileType = image.png; path = "shop_toast_image@2x.png"; sourceTree = "<group>"; };
		BBE5983417E59CE200C1A33F /* WTToastView.xib */ = {isa = PBXFileReference; fileEncoding = 4; lastKnownFileType = file.xib; path = WTToastView.xib; sourceTree = "<group>"; };
		D81BE9C0182CC9A8008963BD /* area_district.plist */ = {isa = PBXFileReference; fileEncoding = 4; lastKnownFileType = text.plist.xml; path = area_district.plist; sourceTree = "<group>"; };
		D81BE9C1182CC9A8008963BD /* genre_cuisine.plist */ = {isa = PBXFileReference; fileEncoding = 4; lastKnownFileType = text.plist.xml; path = genre_cuisine.plist; sourceTree = "<group>"; };
		D81BE9C2182CC9A8008963BD /* region_area.plist */ = {isa = PBXFileReference; fileEncoding = 4; lastKnownFileType = text.plist.xml; path = region_area.plist; sourceTree = "<group>"; };
		D81BE9C6182CCF28008963BD /* period_budget.plist */ = {isa = PBXFileReference; fileEncoding = 4; lastKnownFileType = text.plist.xml; path = period_budget.plist; sourceTree = "<group>"; };
		D81BE9C8182E1697008963BD /* WTShopInfoView.h */ = {isa = PBXFileReference; fileEncoding = 4; lastKnownFileType = sourcecode.c.h; path = WTShopInfoView.h; sourceTree = "<group>"; };
		D81BE9C9182E1697008963BD /* WTShopInfoView.m */ = {isa = PBXFileReference; fileEncoding = 4; lastKnownFileType = sourcecode.c.objc; path = WTShopInfoView.m; sourceTree = "<group>"; };
		D81BEA0F182E6CBB008963BD /* QuartzCore.framework */ = {isa = PBXFileReference; lastKnownFileType = wrapper.framework; name = QuartzCore.framework; path = System/Library/Frameworks/QuartzCore.framework; sourceTree = SDKROOT; };
		D81BEA11182F2A21008963BD /* WTPlaceHolderTextView.h */ = {isa = PBXFileReference; fileEncoding = 4; lastKnownFileType = sourcecode.c.h; path = WTPlaceHolderTextView.h; sourceTree = "<group>"; };
		D81BEA12182F2A21008963BD /* WTPlaceHolderTextView.m */ = {isa = PBXFileReference; fileEncoding = 4; lastKnownFileType = sourcecode.c.objc; path = WTPlaceHolderTextView.m; sourceTree = "<group>"; };
		D81BEA18182F50CC008963BD /* cell_seperate_line@2x.png */ = {isa = PBXFileReference; lastKnownFileType = image.png; path = "cell_seperate_line@2x.png"; sourceTree = "<group>"; };
		D81BEA19182F50CC008963BD /* cell_seperate_line.png */ = {isa = PBXFileReference; lastKnownFileType = image.png; path = cell_seperate_line.png; sourceTree = "<group>"; };
		D81BEA1C182F575B008963BD /* app_logo.png */ = {isa = PBXFileReference; lastKnownFileType = image.png; path = app_logo.png; sourceTree = "<group>"; };
		D81BEA1D182F575B008963BD /* app_logo@2x.png */ = {isa = PBXFileReference; lastKnownFileType = image.png; path = "app_logo@2x.png"; sourceTree = "<group>"; };
		D822FB7118337E3800EA59EF /* cell_shop_profile_default@2x.png */ = {isa = PBXFileReference; lastKnownFileType = image.png; path = "cell_shop_profile_default@2x.png"; sourceTree = "<group>"; };
		D822FB7218337E3800EA59EF /* cell_shop_profile_default.png */ = {isa = PBXFileReference; lastKnownFileType = image.png; path = cell_shop_profile_default.png; sourceTree = "<group>"; };
		D825D1991819191C00E11E68 /* WTLoadMoreCell.h */ = {isa = PBXFileReference; fileEncoding = 4; lastKnownFileType = sourcecode.c.h; path = WTLoadMoreCell.h; sourceTree = "<group>"; };
		D825D19A1819191C00E11E68 /* WTLoadMoreCell.m */ = {isa = PBXFileReference; fileEncoding = 4; lastKnownFileType = sourcecode.c.objc; path = WTLoadMoreCell.m; sourceTree = "<group>"; };
		D825D19C1819195C00E11E68 /* WTLoadMoreCell.xib */ = {isa = PBXFileReference; fileEncoding = 4; lastKnownFileType = file.xib; path = WTLoadMoreCell.xib; sourceTree = "<group>"; };
		D825D19E181A3ECB00E11E68 /* WTShopPhoto.h */ = {isa = PBXFileReference; fileEncoding = 4; lastKnownFileType = sourcecode.c.h; path = WTShopPhoto.h; sourceTree = "<group>"; };
		D825D19F181A3ECB00E11E68 /* WTShopPhoto.m */ = {isa = PBXFileReference; fileEncoding = 4; lastKnownFileType = sourcecode.c.objc; path = WTShopPhoto.m; sourceTree = "<group>"; };
		D8381E5B180D6B8A003C3166 /* WTSettingViewController.h */ = {isa = PBXFileReference; fileEncoding = 4; lastKnownFileType = sourcecode.c.h; path = WTSettingViewController.h; sourceTree = "<group>"; };
		D8381E5C180D6B8A003C3166 /* WTSettingViewController.m */ = {isa = PBXFileReference; fileEncoding = 4; lastKnownFileType = sourcecode.c.objc; path = WTSettingViewController.m; sourceTree = "<group>"; };
		D86097B8182285B400779B24 /* facebook_long_botton.png */ = {isa = PBXFileReference; lastKnownFileType = image.png; path = facebook_long_botton.png; sourceTree = "<group>"; };
		D86097B9182285B400779B24 /* facebook_long_botton@2x.png */ = {isa = PBXFileReference; lastKnownFileType = image.png; path = "facebook_long_botton@2x.png"; sourceTree = "<group>"; };
		D86097BE182285B400779B24 /* iphone.png */ = {isa = PBXFileReference; lastKnownFileType = image.png; path = iphone.png; sourceTree = "<group>"; };
		D86097BF182285B400779B24 /* iphone@2x.png */ = {isa = PBXFileReference; lastKnownFileType = image.png; path = "iphone@2x.png"; sourceTree = "<group>"; };
		D86097C0182285B400779B24 /* main_shake_button.png */ = {isa = PBXFileReference; lastKnownFileType = image.png; path = main_shake_button.png; sourceTree = "<group>"; };
		D86097C1182285B400779B24 /* main_shake_button@2x.png */ = {isa = PBXFileReference; lastKnownFileType = image.png; path = "main_shake_button@2x.png"; sourceTree = "<group>"; };
		D86097C2182285B400779B24 /* star.png */ = {isa = PBXFileReference; lastKnownFileType = image.png; path = star.png; sourceTree = "<group>"; };
		D86097C3182285B500779B24 /* star@2x.png */ = {isa = PBXFileReference; lastKnownFileType = image.png; path = "star@2x.png"; sourceTree = "<group>"; };
		D86097C6182285B500779B24 /* twitter_long_botton.png */ = {isa = PBXFileReference; lastKnownFileType = image.png; path = twitter_long_botton.png; sourceTree = "<group>"; };
		D86097C7182285B500779B24 /* twitter_long_botton@2x.png */ = {isa = PBXFileReference; lastKnownFileType = image.png; path = "twitter_long_botton@2x.png"; sourceTree = "<group>"; };
		D86097E6182285C900779B24 /* back_icon.png */ = {isa = PBXFileReference; lastKnownFileType = image.png; path = back_icon.png; sourceTree = "<group>"; };
		D86097E7182285C900779B24 /* back_icon@2x.png */ = {isa = PBXFileReference; lastKnownFileType = image.png; path = "back_icon@2x.png"; sourceTree = "<group>"; };
		D86097F0182285C900779B24 /* list_checkmark.png */ = {isa = PBXFileReference; lastKnownFileType = image.png; path = list_checkmark.png; sourceTree = "<group>"; };
		D86097F1182285C900779B24 /* list_checkmark@2x.png */ = {isa = PBXFileReference; lastKnownFileType = image.png; path = "list_checkmark@2x.png"; sourceTree = "<group>"; };
		D860980618235A2300779B24 /* MapKit.framework */ = {isa = PBXFileReference; lastKnownFileType = wrapper.framework; name = MapKit.framework; path = System/Library/Frameworks/MapKit.framework; sourceTree = SDKROOT; };
		D860980818235AB200779B24 /* WTShopMapViewController.h */ = {isa = PBXFileReference; fileEncoding = 4; lastKnownFileType = sourcecode.c.h; path = WTShopMapViewController.h; sourceTree = "<group>"; };
		D860980918235AB200779B24 /* WTShopMapViewController.m */ = {isa = PBXFileReference; fileEncoding = 4; lastKnownFileType = sourcecode.c.objc; path = WTShopMapViewController.m; sourceTree = "<group>"; };
		D860980E182385C300779B24 /* WTShopAnnotation.h */ = {isa = PBXFileReference; fileEncoding = 4; lastKnownFileType = sourcecode.c.h; path = WTShopAnnotation.h; sourceTree = "<group>"; };
		D860980F182385C300779B24 /* WTShopAnnotation.m */ = {isa = PBXFileReference; fileEncoding = 4; lastKnownFileType = sourcecode.c.objc; path = WTShopAnnotation.m; sourceTree = "<group>"; };
		D860981118239D6900779B24 /* AddressBook.framework */ = {isa = PBXFileReference; lastKnownFileType = wrapper.framework; name = AddressBook.framework; path = System/Library/Frameworks/AddressBook.framework; sourceTree = SDKROOT; };
		D883BDA2181A490000EC725D /* shop_no_photo@2x.png */ = {isa = PBXFileReference; lastKnownFileType = image.png; path = "shop_no_photo@2x.png"; sourceTree = "<group>"; };
		D883BDA3181A490000EC725D /* shop_no_photo.png */ = {isa = PBXFileReference; lastKnownFileType = image.png; path = shop_no_photo.png; sourceTree = "<group>"; };
		D883BDA6181AA4A900EC725D /* WTSharePostViewController.h */ = {isa = PBXFileReference; fileEncoding = 4; lastKnownFileType = sourcecode.c.h; path = WTSharePostViewController.h; sourceTree = "<group>"; };
		D883BDA7181AA4A900EC725D /* WTSharePostViewController.m */ = {isa = PBXFileReference; fileEncoding = 4; lastKnownFileType = sourcecode.c.objc; path = WTSharePostViewController.m; sourceTree = "<group>"; };
		D8AFFC5A182F810E001F045F /* WTCustomNavigationController.h */ = {isa = PBXFileReference; fileEncoding = 4; lastKnownFileType = sourcecode.c.h; path = WTCustomNavigationController.h; sourceTree = "<group>"; };
		D8AFFC5B182F810E001F045F /* WTCustomNavigationController.m */ = {isa = PBXFileReference; fileEncoding = 4; lastKnownFileType = sourcecode.c.objc; path = WTCustomNavigationController.m; sourceTree = "<group>"; };
		D8AFFC66182FD42E001F045F /* WTFavorViewController.h */ = {isa = PBXFileReference; fileEncoding = 4; lastKnownFileType = sourcecode.c.h; path = WTFavorViewController.h; sourceTree = "<group>"; };
		D8AFFC67182FD42E001F045F /* WTFavorViewController.m */ = {isa = PBXFileReference; fileEncoding = 4; lastKnownFileType = sourcecode.c.objc; path = WTFavorViewController.m; sourceTree = "<group>"; };
		D8AFFC6918307722001F045F /* default_profile_female.png */ = {isa = PBXFileReference; lastKnownFileType = image.png; path = default_profile_female.png; sourceTree = "<group>"; };
		D8AFFC6A18307722001F045F /* default_profile_female@2x.png */ = {isa = PBXFileReference; lastKnownFileType = image.png; path = "default_profile_female@2x.png"; sourceTree = "<group>"; };
		D8AFFC6B18307722001F045F /* default_profile_male.png */ = {isa = PBXFileReference; lastKnownFileType = image.png; path = default_profile_male.png; sourceTree = "<group>"; };
		D8AFFC6C18307722001F045F /* default_profile_male@2x.png */ = {isa = PBXFileReference; lastKnownFileType = image.png; path = "default_profile_male@2x.png"; sourceTree = "<group>"; };
		D8AFFC6D18307722001F045F /* default_shop_pic.png */ = {isa = PBXFileReference; lastKnownFileType = image.png; path = default_shop_pic.png; sourceTree = "<group>"; };
		D8AFFC6E18307722001F045F /* default_shop_pic@2x.png */ = {isa = PBXFileReference; lastKnownFileType = image.png; path = "default_shop_pic@2x.png"; sourceTree = "<group>"; };
		D8AFFC6F18307722001F045F /* grey_star.png */ = {isa = PBXFileReference; lastKnownFileType = image.png; path = grey_star.png; sourceTree = "<group>"; };
		D8AFFC7018307722001F045F /* grey_star@2x.png */ = {isa = PBXFileReference; lastKnownFileType = image.png; path = "grey_star@2x.png"; sourceTree = "<group>"; };
		D8AFFC7118307722001F045F /* share_grey_fb_botton.png */ = {isa = PBXFileReference; lastKnownFileType = image.png; path = share_grey_fb_botton.png; sourceTree = "<group>"; };
		D8AFFC7218307723001F045F /* share_grey_fb_botton@2x.png */ = {isa = PBXFileReference; lastKnownFileType = image.png; path = "share_grey_fb_botton@2x.png"; sourceTree = "<group>"; };
		D8AFFC7318307723001F045F /* share_grey_twitter_botton.png */ = {isa = PBXFileReference; lastKnownFileType = image.png; path = share_grey_twitter_botton.png; sourceTree = "<group>"; };
		D8AFFC7418307723001F045F /* share_grey_twitter_botton@2x.png */ = {isa = PBXFileReference; lastKnownFileType = image.png; path = "share_grey_twitter_botton@2x.png"; sourceTree = "<group>"; };
		D8AFFC81183077B4001F045F /* like_button.png */ = {isa = PBXFileReference; lastKnownFileType = image.png; path = like_button.png; sourceTree = "<group>"; };
		D8AFFC82183077B4001F045F /* like_button@2x.png */ = {isa = PBXFileReference; lastKnownFileType = image.png; path = "like_button@2x.png"; sourceTree = "<group>"; };
		D8AFFC83183077B4001F045F /* liked_button.png */ = {isa = PBXFileReference; lastKnownFileType = image.png; path = liked_button.png; sourceTree = "<group>"; };
		D8AFFC84183077B4001F045F /* liked_button@2x.png */ = {isa = PBXFileReference; lastKnownFileType = image.png; path = "liked_button@2x.png"; sourceTree = "<group>"; };
		D8AFFC85183077B4001F045F /* map_button.png */ = {isa = PBXFileReference; lastKnownFileType = image.png; path = map_button.png; sourceTree = "<group>"; };
		D8AFFC86183077B4001F045F /* map_button@2x.png */ = {isa = PBXFileReference; lastKnownFileType = image.png; path = "map_button@2x.png"; sourceTree = "<group>"; };
		D8AFFC87183077B4001F045F /* phone_button.png */ = {isa = PBXFileReference; lastKnownFileType = image.png; path = phone_button.png; sourceTree = "<group>"; };
		D8AFFC88183077B4001F045F /* phone_button@2x.png */ = {isa = PBXFileReference; lastKnownFileType = image.png; path = "phone_button@2x.png"; sourceTree = "<group>"; };
		D8AFFCD41830D5C2001F045F /* UIImage+ResizeAndCrop.h */ = {isa = PBXFileReference; fileEncoding = 4; lastKnownFileType = sourcecode.c.h; path = "UIImage+ResizeAndCrop.h"; sourceTree = "<group>"; };
		D8AFFCD51830D5C2001F045F /* UIImage+ResizeAndCrop.m */ = {isa = PBXFileReference; fileEncoding = 4; lastKnownFileType = sourcecode.c.objc; path = "UIImage+ResizeAndCrop.m"; sourceTree = "<group>"; };
		D8BD9DD418052A9A00DC0F07 /* WTUser.h */ = {isa = PBXFileReference; fileEncoding = 4; lastKnownFileType = sourcecode.c.h; path = WTUser.h; sourceTree = "<group>"; };
		D8BD9DD518052A9A00DC0F07 /* WTUser.m */ = {isa = PBXFileReference; fileEncoding = 4; lastKnownFileType = sourcecode.c.objc; path = WTUser.m; sourceTree = "<group>"; };
		D8BD9DD718052AB700DC0F07 /* WTSettingManager.h */ = {isa = PBXFileReference; fileEncoding = 4; lastKnownFileType = sourcecode.c.h; path = WTSettingManager.h; sourceTree = "<group>"; };
		D8BD9DD818052AB700DC0F07 /* WTSettingManager.m */ = {isa = PBXFileReference; fileEncoding = 4; lastKnownFileType = sourcecode.c.objc; path = WTSettingManager.m; sourceTree = "<group>"; };
		D8BD9DDC1809381500DC0F07 /* WTDataDef.h */ = {isa = PBXFileReference; fileEncoding = 4; lastKnownFileType = sourcecode.c.h; path = WTDataDef.h; sourceTree = "<group>"; };
		D8BD9DDD1809381500DC0F07 /* WTDataDef.m */ = {isa = PBXFileReference; fileEncoding = 4; lastKnownFileType = sourcecode.c.objc; path = WTDataDef.m; sourceTree = "<group>"; };
		D8BD9DDF1809580700DC0F07 /* WTPost.h */ = {isa = PBXFileReference; fileEncoding = 4; lastKnownFileType = sourcecode.c.h; path = WTPost.h; sourceTree = "<group>"; };
		D8BD9DE01809580700DC0F07 /* WTPost.m */ = {isa = PBXFileReference; fileEncoding = 4; lastKnownFileType = sourcecode.c.objc; path = WTPost.m; sourceTree = "<group>"; };
		D8C2DA0D17FC3D53000C4A0C /* Social.framework */ = {isa = PBXFileReference; lastKnownFileType = wrapper.framework; name = Social.framework; path = System/Library/Frameworks/Social.framework; sourceTree = SDKROOT; };
		D8C2DA0F17FC430A000C4A0C /* Accounts.framework */ = {isa = PBXFileReference; lastKnownFileType = wrapper.framework; name = Accounts.framework; path = System/Library/Frameworks/Accounts.framework; sourceTree = SDKROOT; };
		D8C61E6E180AA6F400E654BF /* WTSharePostCell.h */ = {isa = PBXFileReference; fileEncoding = 4; lastKnownFileType = sourcecode.c.h; path = WTSharePostCell.h; sourceTree = "<group>"; };
		D8C61E6F180AA6F400E654BF /* WTSharePostCell.m */ = {isa = PBXFileReference; fileEncoding = 4; lastKnownFileType = sourcecode.c.objc; path = WTSharePostCell.m; sourceTree = "<group>"; };
		D8C61E74180BF37B00E654BF /* WTHttpEngine.h */ = {isa = PBXFileReference; fileEncoding = 4; lastKnownFileType = sourcecode.c.h; path = WTHttpEngine.h; sourceTree = "<group>"; };
		D8C61E75180BF37B00E654BF /* WTHttpEngine.m */ = {isa = PBXFileReference; fileEncoding = 4; lastKnownFileType = sourcecode.c.objc; path = WTHttpEngine.m; sourceTree = "<group>"; };
		D8C68E3717E0775E002BCFCC /* WeShake.app */ = {isa = PBXFileReference; explicitFileType = wrapper.application; includeInIndex = 0; path = WeShake.app; sourceTree = BUILT_PRODUCTS_DIR; };
		D8C68E3A17E0775E002BCFCC /* Foundation.framework */ = {isa = PBXFileReference; lastKnownFileType = wrapper.framework; name = Foundation.framework; path = System/Library/Frameworks/Foundation.framework; sourceTree = SDKROOT; };
		D8C68E3C17E0775E002BCFCC /* CoreGraphics.framework */ = {isa = PBXFileReference; lastKnownFileType = wrapper.framework; name = CoreGraphics.framework; path = System/Library/Frameworks/CoreGraphics.framework; sourceTree = SDKROOT; };
		D8C68E3E17E0775E002BCFCC /* UIKit.framework */ = {isa = PBXFileReference; lastKnownFileType = wrapper.framework; name = UIKit.framework; path = System/Library/Frameworks/UIKit.framework; sourceTree = SDKROOT; };
		D8C68E4217E0775E002BCFCC /* WeShake-Info.plist */ = {isa = PBXFileReference; lastKnownFileType = text.plist.xml; path = "WeShake-Info.plist"; sourceTree = "<group>"; };
		D8C68E4417E0775E002BCFCC /* en */ = {isa = PBXFileReference; lastKnownFileType = text.plist.strings; name = en; path = en.lproj/InfoPlist.strings; sourceTree = "<group>"; };
		D8C68E4617E0775E002BCFCC /* main.m */ = {isa = PBXFileReference; lastKnownFileType = sourcecode.c.objc; path = main.m; sourceTree = "<group>"; };
		D8C68E4817E0775E002BCFCC /* WeShake-Prefix.pch */ = {isa = PBXFileReference; lastKnownFileType = sourcecode.c.h; path = "WeShake-Prefix.pch"; sourceTree = "<group>"; };
		D8C68E4917E0775E002BCFCC /* WTAppDelegate.h */ = {isa = PBXFileReference; lastKnownFileType = sourcecode.c.h; path = WTAppDelegate.h; sourceTree = "<group>"; };
		D8C68E4A17E0775E002BCFCC /* WTAppDelegate.m */ = {isa = PBXFileReference; lastKnownFileType = sourcecode.c.objc; path = WTAppDelegate.m; sourceTree = "<group>"; };
		D8C68E4D17E0775E002BCFCC /* Base */ = {isa = PBXFileReference; lastKnownFileType = file.storyboard; name = Base; path = Base.lproj/Main.storyboard; sourceTree = "<group>"; };
		D8C68E5217E0775E002BCFCC /* Images.xcassets */ = {isa = PBXFileReference; lastKnownFileType = folder.assetcatalog; path = Images.xcassets; sourceTree = "<group>"; };
		D8C68E5817E0775E002BCFCC /* WeShakeTests.xctest */ = {isa = PBXFileReference; explicitFileType = wrapper.cfbundle; includeInIndex = 0; path = WeShakeTests.xctest; sourceTree = BUILT_PRODUCTS_DIR; };
		D8C68E5917E0775E002BCFCC /* XCTest.framework */ = {isa = PBXFileReference; lastKnownFileType = wrapper.framework; name = XCTest.framework; path = Library/Frameworks/XCTest.framework; sourceTree = DEVELOPER_DIR; };
		D8C68E6117E0775E002BCFCC /* WeShakeTests-Info.plist */ = {isa = PBXFileReference; lastKnownFileType = text.plist.xml; path = "WeShakeTests-Info.plist"; sourceTree = "<group>"; };
		D8C68E6317E0775E002BCFCC /* en */ = {isa = PBXFileReference; lastKnownFileType = text.plist.strings; name = en; path = en.lproj/InfoPlist.strings; sourceTree = "<group>"; };
		D8C68E6517E0775E002BCFCC /* WeShakeTests.m */ = {isa = PBXFileReference; lastKnownFileType = sourcecode.c.objc; path = WeShakeTests.m; sourceTree = "<group>"; };
		D8C68E7017E0785F002BCFCC /* NSMutableArray+Shuffling.h */ = {isa = PBXFileReference; fileEncoding = 4; lastKnownFileType = sourcecode.c.h; path = "NSMutableArray+Shuffling.h"; sourceTree = "<group>"; };
		D8C68E7117E0785F002BCFCC /* NSMutableArray+Shuffling.m */ = {isa = PBXFileReference; fileEncoding = 4; lastKnownFileType = sourcecode.c.objc; path = "NSMutableArray+Shuffling.m"; sourceTree = "<group>"; };
		D8C68E8A17E0785F002BCFCC /* WTShop.h */ = {isa = PBXFileReference; fileEncoding = 4; lastKnownFileType = sourcecode.c.h; path = WTShop.h; sourceTree = "<group>"; };
		D8C68E8B17E0785F002BCFCC /* WTShop.m */ = {isa = PBXFileReference; fileEncoding = 4; lastKnownFileType = sourcecode.c.objc; path = WTShop.m; sourceTree = "<group>"; };
		D8C68E9117E0785F002BCFCC /* WTToastView.h */ = {isa = PBXFileReference; fileEncoding = 4; lastKnownFileType = sourcecode.c.h; path = WTToastView.h; sourceTree = "<group>"; };
		D8C68E9217E0785F002BCFCC /* WTToastView.m */ = {isa = PBXFileReference; fileEncoding = 4; lastKnownFileType = sourcecode.c.objc; path = WTToastView.m; sourceTree = "<group>"; };
		D8C68EBF17E19E66002BCFCC /* WTSegmentedControl.h */ = {isa = PBXFileReference; fileEncoding = 4; lastKnownFileType = sourcecode.c.h; path = WTSegmentedControl.h; sourceTree = "<group>"; };
		D8C68EC017E19E66002BCFCC /* WTSegmentedControl.m */ = {isa = PBXFileReference; fileEncoding = 4; lastKnownFileType = sourcecode.c.objc; path = WTSegmentedControl.m; sourceTree = "<group>"; };
		D8CD939D17FD4A91002D5347 /* WTAccountManager.h */ = {isa = PBXFileReference; fileEncoding = 4; lastKnownFileType = sourcecode.c.h; path = WTAccountManager.h; sourceTree = "<group>"; };
		D8CD939E17FD4A91002D5347 /* WTAccountManager.m */ = {isa = PBXFileReference; fileEncoding = 4; lastKnownFileType = sourcecode.c.objc; path = WTAccountManager.m; sourceTree = "<group>"; };
		D8CD939F17FD4A91002D5347 /* WTLocationManager.h */ = {isa = PBXFileReference; fileEncoding = 4; lastKnownFileType = sourcecode.c.h; path = WTLocationManager.h; sourceTree = "<group>"; };
		D8CD93A017FD4A91002D5347 /* WTLocationManager.m */ = {isa = PBXFileReference; fileEncoding = 4; lastKnownFileType = sourcecode.c.objc; path = WTLocationManager.m; sourceTree = "<group>"; };
		D8CD93A117FD4A91002D5347 /* WTShopManager.h */ = {isa = PBXFileReference; fileEncoding = 4; lastKnownFileType = sourcecode.c.h; path = WTShopManager.h; sourceTree = "<group>"; };
		D8CD93A217FD4A91002D5347 /* WTShopManager.m */ = {isa = PBXFileReference; fileEncoding = 4; lastKnownFileType = sourcecode.c.objc; path = WTShopManager.m; sourceTree = "<group>"; };
		D8CD93A717FD4ACC002D5347 /* WTLoginViewController.h */ = {isa = PBXFileReference; fileEncoding = 4; lastKnownFileType = sourcecode.c.h; path = WTLoginViewController.h; sourceTree = "<group>"; };
		D8CD93A817FD4ACC002D5347 /* WTLoginViewController.m */ = {isa = PBXFileReference; fileEncoding = 4; lastKnownFileType = sourcecode.c.objc; path = WTLoginViewController.m; sourceTree = "<group>"; };
		D8CD93A917FD4ACC002D5347 /* WTMainViewController.h */ = {isa = PBXFileReference; fileEncoding = 4; lastKnownFileType = sourcecode.c.h; path = WTMainViewController.h; sourceTree = "<group>"; };
		D8CD93AA17FD4ACC002D5347 /* WTMainViewController.m */ = {isa = PBXFileReference; fileEncoding = 4; lastKnownFileType = sourcecode.c.objc; path = WTMainViewController.m; sourceTree = "<group>"; };
		D8CD93AB17FD4ACC002D5347 /* WTSearchMenuViewController.h */ = {isa = PBXFileReference; fileEncoding = 4; lastKnownFileType = sourcecode.c.h; path = WTSearchMenuViewController.h; sourceTree = "<group>"; };
		D8CD93AC17FD4ACC002D5347 /* WTSearchMenuViewController.m */ = {isa = PBXFileReference; fileEncoding = 4; lastKnownFileType = sourcecode.c.objc; path = WTSearchMenuViewController.m; sourceTree = "<group>"; };
		D8CD93AD17FD4ACC002D5347 /* WTSearchViewController.h */ = {isa = PBXFileReference; fileEncoding = 4; lastKnownFileType = sourcecode.c.h; path = WTSearchViewController.h; sourceTree = "<group>"; };
		D8CD93AE17FD4ACC002D5347 /* WTSearchViewController.m */ = {isa = PBXFileReference; fileEncoding = 4; lastKnownFileType = sourcecode.c.objc; path = WTSearchViewController.m; sourceTree = "<group>"; };
		D8CD93AF17FD4ACC002D5347 /* WTShopViewController.h */ = {isa = PBXFileReference; fileEncoding = 4; lastKnownFileType = sourcecode.c.h; path = WTShopViewController.h; sourceTree = "<group>"; };
		D8CD93B017FD4ACC002D5347 /* WTShopViewController.m */ = {isa = PBXFileReference; fileEncoding = 4; lastKnownFileType = sourcecode.c.objc; path = WTShopViewController.m; sourceTree = "<group>"; };
		D8CD93B617FD55E3002D5347 /* WTCaptureViewController.h */ = {isa = PBXFileReference; fileEncoding = 4; lastKnownFileType = sourcecode.c.h; path = WTCaptureViewController.h; sourceTree = "<group>"; };
		D8CD93B717FD55E3002D5347 /* WTCaptureViewController.m */ = {isa = PBXFileReference; fileEncoding = 4; lastKnownFileType = sourcecode.c.objc; path = WTCaptureViewController.m; sourceTree = "<group>"; };
		D8CD93B917FD5606002D5347 /* WTAboutMeViewController.h */ = {isa = PBXFileReference; fileEncoding = 4; lastKnownFileType = sourcecode.c.h; path = WTAboutMeViewController.h; sourceTree = "<group>"; };
		D8CD93BA17FD5606002D5347 /* WTAboutMeViewController.m */ = {isa = PBXFileReference; fileEncoding = 4; lastKnownFileType = sourcecode.c.objc; path = WTAboutMeViewController.m; sourceTree = "<group>"; };
		D8D53B4B1801AC8900D67EAF /* AVFoundation.framework */ = {isa = PBXFileReference; lastKnownFileType = wrapper.framework; name = AVFoundation.framework; path = System/Library/Frameworks/AVFoundation.framework; sourceTree = SDKROOT; };
		D8D53B4D1801B4B600D67EAF /* AssetsLibrary.framework */ = {isa = PBXFileReference; lastKnownFileType = wrapper.framework; name = AssetsLibrary.framework; path = System/Library/Frameworks/AssetsLibrary.framework; sourceTree = SDKROOT; };
		D8F0F462183485D200289C54 /* WTSharePostShopCell.h */ = {isa = PBXFileReference; fileEncoding = 4; lastKnownFileType = sourcecode.c.h; path = WTSharePostShopCell.h; sourceTree = "<group>"; };
		D8F0F463183485D200289C54 /* WTSharePostShopCell.m */ = {isa = PBXFileReference; fileEncoding = 4; lastKnownFileType = sourcecode.c.objc; path = WTSharePostShopCell.m; sourceTree = "<group>"; };
		D8F0F4701834CF6400289C54 /* Flurry.h */ = {isa = PBXFileReference; fileEncoding = 4; lastKnownFileType = sourcecode.c.h; path = Flurry.h; sourceTree = "<group>"; };
		D8F0F4711834CF6400289C54 /* libFlurry_4.3.0.a */ = {isa = PBXFileReference; lastKnownFileType = archive.ar; path = libFlurry_4.3.0.a; sourceTree = "<group>"; };
		D8F0F4731834D00500289C54 /* AdSupport.framework */ = {isa = PBXFileReference; lastKnownFileType = wrapper.framework; name = AdSupport.framework; path = System/Library/Frameworks/AdSupport.framework; sourceTree = SDKROOT; };
		D8F0F4751834D3F200289C54 /* home_camera_highlight.png */ = {isa = PBXFileReference; lastKnownFileType = image.png; path = home_camera_highlight.png; sourceTree = "<group>"; };
		D8F0F4761834D3F200289C54 /* home_camera_highlight@2x.png */ = {isa = PBXFileReference; lastKnownFileType = image.png; path = "home_camera_highlight@2x.png"; sourceTree = "<group>"; };
		D8F0F4771834D3F200289C54 /* home_camera.png */ = {isa = PBXFileReference; lastKnownFileType = image.png; path = home_camera.png; sourceTree = "<group>"; };
		D8F0F4781834D3F200289C54 /* home_camera@2x.png */ = {isa = PBXFileReference; lastKnownFileType = image.png; path = "home_camera@2x.png"; sourceTree = "<group>"; };
		D8F0F4791834D3F200289C54 /* home_find_highlight.png */ = {isa = PBXFileReference; lastKnownFileType = image.png; path = home_find_highlight.png; sourceTree = "<group>"; };
		D8F0F47A1834D3F200289C54 /* home_find_highlight@2x.png */ = {isa = PBXFileReference; lastKnownFileType = image.png; path = "home_find_highlight@2x.png"; sourceTree = "<group>"; };
		D8F0F47B1834D3F200289C54 /* home_find.png */ = {isa = PBXFileReference; lastKnownFileType = image.png; path = home_find.png; sourceTree = "<group>"; };
		D8F0F47C1834D3F200289C54 /* home_find@2x.png */ = {isa = PBXFileReference; lastKnownFileType = image.png; path = "home_find@2x.png"; sourceTree = "<group>"; };
		D8F0F47D1834D3F200289C54 /* home_profile_highligh.png */ = {isa = PBXFileReference; lastKnownFileType = image.png; path = home_profile_highligh.png; sourceTree = "<group>"; };
		D8F0F47E1834D3F200289C54 /* home_profile_highligh@2x.png */ = {isa = PBXFileReference; lastKnownFileType = image.png; path = "home_profile_highligh@2x.png"; sourceTree = "<group>"; };
		D8F0F47F1834D3F200289C54 /* home_profile.png */ = {isa = PBXFileReference; lastKnownFileType = image.png; path = home_profile.png; sourceTree = "<group>"; };
		D8F0F4801834D3F200289C54 /* home_profile@2x.png */ = {isa = PBXFileReference; lastKnownFileType = image.png; path = "home_profile@2x.png"; sourceTree = "<group>"; };
		D8F0F48D1834E9F600289C54 /* main_place_arrow.png */ = {isa = PBXFileReference; lastKnownFileType = image.png; path = main_place_arrow.png; sourceTree = "<group>"; };
		D8F0F48E1834E9F600289C54 /* main_place_arrow@2x.png */ = {isa = PBXFileReference; lastKnownFileType = image.png; path = "main_place_arrow@2x.png"; sourceTree = "<group>"; };
		D8F59CA818278DF500452799 /* home_config.png */ = {isa = PBXFileReference; lastKnownFileType = image.png; path = home_config.png; sourceTree = "<group>"; };
		D8F59CA918278DF500452799 /* home_config@2x.png */ = {isa = PBXFileReference; lastKnownFileType = image.png; path = "home_config@2x.png"; sourceTree = "<group>"; };
		D8F59CBC18279FD500452799 /* camera_gleam.png */ = {isa = PBXFileReference; lastKnownFileType = image.png; path = camera_gleam.png; sourceTree = "<group>"; };
		D8F59CBD18279FD500452799 /* camera_gleam@2x.png */ = {isa = PBXFileReference; lastKnownFileType = image.png; path = "camera_gleam@2x.png"; sourceTree = "<group>"; };
		D8F59CBE18279FD500452799 /* camera_shutter.png */ = {isa = PBXFileReference; lastKnownFileType = image.png; path = camera_shutter.png; sourceTree = "<group>"; };
		D8F59CBF18279FD500452799 /* camera_shutter@2x.png */ = {isa = PBXFileReference; lastKnownFileType = image.png; path = "camera_shutter@2x.png"; sourceTree = "<group>"; };
		D8F59CC41827A77F00452799 /* share_fb_botton.png */ = {isa = PBXFileReference; lastKnownFileType = image.png; path = share_fb_botton.png; sourceTree = "<group>"; };
		D8F59CC51827A77F00452799 /* share_fb_botton@2x.png */ = {isa = PBXFileReference; lastKnownFileType = image.png; path = "share_fb_botton@2x.png"; sourceTree = "<group>"; };
		D8F59CC61827A77F00452799 /* share_twitter_botton.png */ = {isa = PBXFileReference; lastKnownFileType = image.png; path = share_twitter_botton.png; sourceTree = "<group>"; };
		D8F59CC71827A77F00452799 /* share_twitter_botton@2x.png */ = {isa = PBXFileReference; lastKnownFileType = image.png; path = "share_twitter_botton@2x.png"; sourceTree = "<group>"; };
/* End PBXFileReference section */

/* Begin PBXFrameworksBuildPhase section */
		D8C68E3417E0775E002BCFCC /* Frameworks */ = {
			isa = PBXFrameworksBuildPhase;
			buildActionMask = 2147483647;
			files = (
				D8F0F4741834D00500289C54 /* AdSupport.framework in Frameworks */,
				D81BEA10182E6CBB008963BD /* QuartzCore.framework in Frameworks */,
				D860981218239D6900779B24 /* AddressBook.framework in Frameworks */,
				D860980718235A2300779B24 /* MapKit.framework in Frameworks */,
				D8D53B4E1801B4B600D67EAF /* AssetsLibrary.framework in Frameworks */,
				D8D53B4C1801AC8900D67EAF /* AVFoundation.framework in Frameworks */,
				D8C2DA1017FC430A000C4A0C /* Accounts.framework in Frameworks */,
				D8C2DA0E17FC3D53000C4A0C /* Social.framework in Frameworks */,
				BBA0C2E717F2775C008F6C4B /* libz.dylib in Frameworks */,
				BBA0C2E417F27754008F6C4B /* CoreTelephony.framework in Frameworks */,
				BBA0C2E517F27754008F6C4B /* SystemConfiguration.framework in Frameworks */,
				D8C68E3D17E0775E002BCFCC /* CoreGraphics.framework in Frameworks */,
				D8C68E3F17E0775E002BCFCC /* UIKit.framework in Frameworks */,
				D8F0F4721834CF6400289C54 /* libFlurry_4.3.0.a in Frameworks */,
				D8C68E3B17E0775E002BCFCC /* Foundation.framework in Frameworks */,
				5559A5A8254C4411A9D532DE /* libPods.a in Frameworks */,
			);
			runOnlyForDeploymentPostprocessing = 0;
		};
		D8C68E5517E0775E002BCFCC /* Frameworks */ = {
			isa = PBXFrameworksBuildPhase;
			buildActionMask = 2147483647;
			files = (
				D8C68E5A17E0775E002BCFCC /* XCTest.framework in Frameworks */,
				D8C68E5C17E0775E002BCFCC /* UIKit.framework in Frameworks */,
				D8C68E5B17E0775E002BCFCC /* Foundation.framework in Frameworks */,
			);
			runOnlyForDeploymentPostprocessing = 0;
		};
/* End PBXFrameworksBuildPhase section */

/* Begin PBXGroup section */
		D81BE9BF182CC9A8008963BD /* data */ = {
			isa = PBXGroup;
			children = (
				D81BE9C0182CC9A8008963BD /* area_district.plist */,
				D81BE9C1182CC9A8008963BD /* genre_cuisine.plist */,
				D81BE9C2182CC9A8008963BD /* region_area.plist */,
				D81BE9C6182CCF28008963BD /* period_budget.plist */,
			);
			path = data;
			sourceTree = "<group>";
		};
		D8C61E73180BF35D00E654BF /* HttpEngine */ = {
			isa = PBXGroup;
			children = (
				D8C61E74180BF37B00E654BF /* WTHttpEngine.h */,
				D8C61E75180BF37B00E654BF /* WTHttpEngine.m */,
			);
			path = HttpEngine;
			sourceTree = "<group>";
		};
		D8C68E2E17E0775E002BCFCC = {
			isa = PBXGroup;
			children = (
				D8C68E4017E0775E002BCFCC /* WeShake */,
				D8C68E5F17E0775E002BCFCC /* WeShakeTests */,
				D8C68E3917E0775E002BCFCC /* Frameworks */,
				D8C68E3817E0775E002BCFCC /* Products */,
				65AADFE6DD0F4336B004DD2A /* Pods.xcconfig */,
			);
			sourceTree = "<group>";
		};
		D8C68E3817E0775E002BCFCC /* Products */ = {
			isa = PBXGroup;
			children = (
				D8C68E3717E0775E002BCFCC /* WeShake.app */,
				D8C68E5817E0775E002BCFCC /* WeShakeTests.xctest */,
			);
			name = Products;
			sourceTree = "<group>";
		};
		D8C68E3917E0775E002BCFCC /* Frameworks */ = {
			isa = PBXGroup;
			children = (
				D8F0F4731834D00500289C54 /* AdSupport.framework */,
				D81BEA0F182E6CBB008963BD /* QuartzCore.framework */,
				D860981118239D6900779B24 /* AddressBook.framework */,
				D860980618235A2300779B24 /* MapKit.framework */,
				D8D53B4D1801B4B600D67EAF /* AssetsLibrary.framework */,
				D8D53B4B1801AC8900D67EAF /* AVFoundation.framework */,
				D8C2DA0F17FC430A000C4A0C /* Accounts.framework */,
				D8C2DA0D17FC3D53000C4A0C /* Social.framework */,
				BBA0C2E617F2775C008F6C4B /* libz.dylib */,
				BBA0C2E217F27754008F6C4B /* CoreTelephony.framework */,
				BBA0C2E317F27754008F6C4B /* SystemConfiguration.framework */,
				D8C68E3A17E0775E002BCFCC /* Foundation.framework */,
				D8C68E3C17E0775E002BCFCC /* CoreGraphics.framework */,
				D8C68E3E17E0775E002BCFCC /* UIKit.framework */,
				D8C68E5917E0775E002BCFCC /* XCTest.framework */,
				3414B20CD0D2432A95F704F1 /* libPods.a */,
			);
			name = Frameworks;
			sourceTree = "<group>";
		};
		D8C68E4017E0775E002BCFCC /* WeShake */ = {
			isa = PBXGroup;
			children = (
				D8F0F46F1834CF6400289C54 /* Flurry */,
				D8C61E73180BF35D00E654BF /* HttpEngine */,
				D8CD939C17FD4A91002D5347 /* Manager */,
				D8C68E6F17E0785F002BCFCC /* Category */,
				D8C68E8917E0785F002BCFCC /* Model */,
				D8CD93A617FD4ACC002D5347 /* ViewController */,
				D8C68E9017E0785F002BCFCC /* View */,
				D8BD9DDC1809381500DC0F07 /* WTDataDef.h */,
				D8BD9DDD1809381500DC0F07 /* WTDataDef.m */,
				D8C68E4917E0775E002BCFCC /* WTAppDelegate.h */,
				D8C68E4A17E0775E002BCFCC /* WTAppDelegate.m */,
				BBE5982D17E4890200C1A33F /* WTSearchViewCell.h */,
				BBE5982E17E4890200C1A33F /* WTSearchViewCell.m */,
				D8C68E4C17E0775E002BCFCC /* Main.storyboard */,
				D8C68E5217E0775E002BCFCC /* Images.xcassets */,
				D81BE9BF182CC9A8008963BD /* data */,
				D8C68E7217E0785F002BCFCC /* image */,
				D8C68E4117E0775E002BCFCC /* Supporting Files */,
			);
			path = WeShake;
			sourceTree = "<group>";
		};
		D8C68E4117E0775E002BCFCC /* Supporting Files */ = {
			isa = PBXGroup;
			children = (
				D8C68E4217E0775E002BCFCC /* WeShake-Info.plist */,
				D8C68E4317E0775E002BCFCC /* InfoPlist.strings */,
				D8C68E4617E0775E002BCFCC /* main.m */,
				D8C68E4817E0775E002BCFCC /* WeShake-Prefix.pch */,
			);
			name = "Supporting Files";
			sourceTree = "<group>";
		};
		D8C68E5F17E0775E002BCFCC /* WeShakeTests */ = {
			isa = PBXGroup;
			children = (
				D8C68E6517E0775E002BCFCC /* WeShakeTests.m */,
				D8C68E6017E0775E002BCFCC /* Supporting Files */,
			);
			path = WeShakeTests;
			sourceTree = "<group>";
		};
		D8C68E6017E0775E002BCFCC /* Supporting Files */ = {
			isa = PBXGroup;
			children = (
				D8C68E6117E0775E002BCFCC /* WeShakeTests-Info.plist */,
				D8C68E6217E0775E002BCFCC /* InfoPlist.strings */,
			);
			name = "Supporting Files";
			sourceTree = "<group>";
		};
		D8C68E6F17E0785F002BCFCC /* Category */ = {
			isa = PBXGroup;
			children = (
				D8C68E7017E0785F002BCFCC /* NSMutableArray+Shuffling.h */,
				D8C68E7117E0785F002BCFCC /* NSMutableArray+Shuffling.m */,
				D8AFFCD41830D5C2001F045F /* UIImage+ResizeAndCrop.h */,
				D8AFFCD51830D5C2001F045F /* UIImage+ResizeAndCrop.m */,
			);
			path = Category;
			sourceTree = "<group>";
		};
		D8C68E7217E0785F002BCFCC /* image */ = {
			isa = PBXGroup;
			children = (
				D8F0F48D1834E9F600289C54 /* main_place_arrow.png */,
				D8F0F48E1834E9F600289C54 /* main_place_arrow@2x.png */,
				D8F0F4751834D3F200289C54 /* home_camera_highlight.png */,
				D8F0F4761834D3F200289C54 /* home_camera_highlight@2x.png */,
				D8F0F4771834D3F200289C54 /* home_camera.png */,
				D8F0F4781834D3F200289C54 /* home_camera@2x.png */,
				D8F0F4791834D3F200289C54 /* home_find_highlight.png */,
				D8F0F47A1834D3F200289C54 /* home_find_highlight@2x.png */,
				D8F0F47B1834D3F200289C54 /* home_find.png */,
				D8F0F47C1834D3F200289C54 /* home_find@2x.png */,
				D8F0F47D1834D3F200289C54 /* home_profile_highligh.png */,
				D8F0F47E1834D3F200289C54 /* home_profile_highligh@2x.png */,
				D8F0F47F1834D3F200289C54 /* home_profile.png */,
				D8F0F4801834D3F200289C54 /* home_profile@2x.png */,
				D822FB7118337E3800EA59EF /* cell_shop_profile_default@2x.png */,
				D822FB7218337E3800EA59EF /* cell_shop_profile_default.png */,
				D8AFFC81183077B4001F045F /* like_button.png */,
				D8AFFC82183077B4001F045F /* like_button@2x.png */,
				D8AFFC83183077B4001F045F /* liked_button.png */,
				D8AFFC84183077B4001F045F /* liked_button@2x.png */,
				D8AFFC85183077B4001F045F /* map_button.png */,
				D8AFFC86183077B4001F045F /* map_button@2x.png */,
				D8AFFC87183077B4001F045F /* phone_button.png */,
				D8AFFC88183077B4001F045F /* phone_button@2x.png */,
				D8AFFC6918307722001F045F /* default_profile_female.png */,
				D8AFFC6A18307722001F045F /* default_profile_female@2x.png */,
				D8AFFC6B18307722001F045F /* default_profile_male.png */,
				D8AFFC6C18307722001F045F /* default_profile_male@2x.png */,
				D8AFFC6D18307722001F045F /* default_shop_pic.png */,
				D8AFFC6E18307722001F045F /* default_shop_pic@2x.png */,
				D8AFFC6F18307722001F045F /* grey_star.png */,
				D8AFFC7018307722001F045F /* grey_star@2x.png */,
				D8AFFC7118307722001F045F /* share_grey_fb_botton.png */,
				D8AFFC7218307723001F045F /* share_grey_fb_botton@2x.png */,
				D8AFFC7318307723001F045F /* share_grey_twitter_botton.png */,
				D8AFFC7418307723001F045F /* share_grey_twitter_botton@2x.png */,
				D81BEA1C182F575B008963BD /* app_logo.png */,
				D81BEA1D182F575B008963BD /* app_logo@2x.png */,
				D81BEA18182F50CC008963BD /* cell_seperate_line@2x.png */,
				D81BEA19182F50CC008963BD /* cell_seperate_line.png */,
				D86097B8182285B400779B24 /* facebook_long_botton.png */,
				D86097B9182285B400779B24 /* facebook_long_botton@2x.png */,
				D86097BE182285B400779B24 /* iphone.png */,
				D86097BF182285B400779B24 /* iphone@2x.png */,
				D86097C0182285B400779B24 /* main_shake_button.png */,
				D86097C1182285B400779B24 /* main_shake_button@2x.png */,
				D86097C2182285B400779B24 /* star.png */,
				D86097C3182285B500779B24 /* star@2x.png */,
				D86097C6182285B500779B24 /* twitter_long_botton.png */,
				D86097C7182285B500779B24 /* twitter_long_botton@2x.png */,
				D86097E6182285C900779B24 /* back_icon.png */,
				D86097E7182285C900779B24 /* back_icon@2x.png */,
				D8F59CBC18279FD500452799 /* camera_gleam.png */,
				D8F59CBD18279FD500452799 /* camera_gleam@2x.png */,
				D8F59CBE18279FD500452799 /* camera_shutter.png */,
				D8F59CBF18279FD500452799 /* camera_shutter@2x.png */,
				D86097F0182285C900779B24 /* list_checkmark.png */,
				D86097F1182285C900779B24 /* list_checkmark@2x.png */,
				D8F59CA818278DF500452799 /* home_config.png */,
				D8F59CA918278DF500452799 /* home_config@2x.png */,
				D8F59CC41827A77F00452799 /* share_fb_botton.png */,
				D8F59CC51827A77F00452799 /* share_fb_botton@2x.png */,
				D8F59CC61827A77F00452799 /* share_twitter_botton.png */,
				D8F59CC71827A77F00452799 /* share_twitter_botton@2x.png */,
				BBE5983017E59AAB00C1A33F /* shop_toast_image.png */,
				BBE5983117E59AAB00C1A33F /* shop_toast_image@2x.png */,
				D883BDA2181A490000EC725D /* shop_no_photo@2x.png */,
				D883BDA3181A490000EC725D /* shop_no_photo.png */,
			);
			path = image;
			sourceTree = "<group>";
		};
		D8C68E8917E0785F002BCFCC /* Model */ = {
			isa = PBXGroup;
			children = (
				D8C68E8A17E0785F002BCFCC /* WTShop.h */,
				D8C68E8B17E0785F002BCFCC /* WTShop.m */,
				D8BD9DD418052A9A00DC0F07 /* WTUser.h */,
				D8BD9DD518052A9A00DC0F07 /* WTUser.m */,
				D8BD9DDF1809580700DC0F07 /* WTPost.h */,
				D8BD9DE01809580700DC0F07 /* WTPost.m */,
				D825D19E181A3ECB00E11E68 /* WTShopPhoto.h */,
				D825D19F181A3ECB00E11E68 /* WTShopPhoto.m */,
				D860980E182385C300779B24 /* WTShopAnnotation.h */,
				D860980F182385C300779B24 /* WTShopAnnotation.m */,
			);
			path = Model;
			sourceTree = "<group>";
		};
		D8C68E9017E0785F002BCFCC /* View */ = {
			isa = PBXGroup;
			children = (
				D8C68E9117E0785F002BCFCC /* WTToastView.h */,
				D8C68E9217E0785F002BCFCC /* WTToastView.m */,
				BBE5983417E59CE200C1A33F /* WTToastView.xib */,
				D8C68EBF17E19E66002BCFCC /* WTSegmentedControl.h */,
				D8C68EC017E19E66002BCFCC /* WTSegmentedControl.m */,
				D8C61E6E180AA6F400E654BF /* WTSharePostCell.h */,
				D8C61E6F180AA6F400E654BF /* WTSharePostCell.m */,
				D825D1991819191C00E11E68 /* WTLoadMoreCell.h */,
				D825D19A1819191C00E11E68 /* WTLoadMoreCell.m */,
				D825D19C1819195C00E11E68 /* WTLoadMoreCell.xib */,
				D81BE9C8182E1697008963BD /* WTShopInfoView.h */,
				D81BE9C9182E1697008963BD /* WTShopInfoView.m */,
				D81BEA11182F2A21008963BD /* WTPlaceHolderTextView.h */,
				D81BEA12182F2A21008963BD /* WTPlaceHolderTextView.m */,
				D8F0F462183485D200289C54 /* WTSharePostShopCell.h */,
				D8F0F463183485D200289C54 /* WTSharePostShopCell.m */,
			);
			path = View;
			sourceTree = "<group>";
		};
		D8CD939C17FD4A91002D5347 /* Manager */ = {
			isa = PBXGroup;
			children = (
				D8CD939D17FD4A91002D5347 /* WTAccountManager.h */,
				D8CD939E17FD4A91002D5347 /* WTAccountManager.m */,
				D8CD939F17FD4A91002D5347 /* WTLocationManager.h */,
				D8CD93A017FD4A91002D5347 /* WTLocationManager.m */,
				D8CD93A117FD4A91002D5347 /* WTShopManager.h */,
				D8CD93A217FD4A91002D5347 /* WTShopManager.m */,
				D8BD9DD718052AB700DC0F07 /* WTSettingManager.h */,
				D8BD9DD818052AB700DC0F07 /* WTSettingManager.m */,
			);
			path = Manager;
			sourceTree = "<group>";
		};
		D8CD93A617FD4ACC002D5347 /* ViewController */ = {
			isa = PBXGroup;
			children = (
				D8CD93A717FD4ACC002D5347 /* WTLoginViewController.h */,
				D8CD93A817FD4ACC002D5347 /* WTLoginViewController.m */,
				D8CD93A917FD4ACC002D5347 /* WTMainViewController.h */,
				D8CD93AA17FD4ACC002D5347 /* WTMainViewController.m */,
				D8CD93AC17FD4ACC002D5347 /* WTSearchMenuViewController.m */,
				D8CD93AB17FD4ACC002D5347 /* WTSearchMenuViewController.h */,
				D8CD93AD17FD4ACC002D5347 /* WTSearchViewController.h */,
				D8CD93AE17FD4ACC002D5347 /* WTSearchViewController.m */,
				D860980818235AB200779B24 /* WTShopMapViewController.h */,
				D860980918235AB200779B24 /* WTShopMapViewController.m */,
				D8CD93AF17FD4ACC002D5347 /* WTShopViewController.h */,
				D8CD93B017FD4ACC002D5347 /* WTShopViewController.m */,
				D8CD93B617FD55E3002D5347 /* WTCaptureViewController.h */,
				D8CD93B717FD55E3002D5347 /* WTCaptureViewController.m */,
				D8CD93B917FD5606002D5347 /* WTAboutMeViewController.h */,
				D8CD93BA17FD5606002D5347 /* WTAboutMeViewController.m */,
				D8381E5B180D6B8A003C3166 /* WTSettingViewController.h */,
				D8381E5C180D6B8A003C3166 /* WTSettingViewController.m */,
				D883BDA6181AA4A900EC725D /* WTSharePostViewController.h */,
				D883BDA7181AA4A900EC725D /* WTSharePostViewController.m */,
				D8AFFC5A182F810E001F045F /* WTCustomNavigationController.h */,
				D8AFFC5B182F810E001F045F /* WTCustomNavigationController.m */,
				D8AFFC66182FD42E001F045F /* WTFavorViewController.h */,
				D8AFFC67182FD42E001F045F /* WTFavorViewController.m */,
			);
			path = ViewController;
			sourceTree = "<group>";
		};
		D8F0F46F1834CF6400289C54 /* Flurry */ = {
			isa = PBXGroup;
			children = (
				D8F0F4701834CF6400289C54 /* Flurry.h */,
				D8F0F4711834CF6400289C54 /* libFlurry_4.3.0.a */,
			);
			path = Flurry;
			sourceTree = "<group>";
		};
/* End PBXGroup section */

/* Begin PBXNativeTarget section */
		D8C68E3617E0775E002BCFCC /* WeShake */ = {
			isa = PBXNativeTarget;
			buildConfigurationList = D8C68E6917E0775E002BCFCC /* Build configuration list for PBXNativeTarget "WeShake" */;
			buildPhases = (
				E854AE0765E9444599F081E5 /* Check Pods Manifest.lock */,
				D8C68E3317E0775E002BCFCC /* Sources */,
				D8C68E3417E0775E002BCFCC /* Frameworks */,
				D8C68E3517E0775E002BCFCC /* Resources */,
				390293C582CE41AE91D0C113 /* Copy Pods Resources */,
			);
			buildRules = (
			);
			dependencies = (
			);
			name = WeShake;
			productName = WeShake;
			productReference = D8C68E3717E0775E002BCFCC /* WeShake.app */;
			productType = "com.apple.product-type.application";
		};
		D8C68E5717E0775E002BCFCC /* WeShakeTests */ = {
			isa = PBXNativeTarget;
			buildConfigurationList = D8C68E6C17E0775E002BCFCC /* Build configuration list for PBXNativeTarget "WeShakeTests" */;
			buildPhases = (
				D8C68E5417E0775E002BCFCC /* Sources */,
				D8C68E5517E0775E002BCFCC /* Frameworks */,
				D8C68E5617E0775E002BCFCC /* Resources */,
			);
			buildRules = (
			);
			dependencies = (
				D8C68E5E17E0775E002BCFCC /* PBXTargetDependency */,
			);
			name = WeShakeTests;
			productName = WeShakeTests;
			productReference = D8C68E5817E0775E002BCFCC /* WeShakeTests.xctest */;
			productType = "com.apple.product-type.bundle.unit-test";
		};
/* End PBXNativeTarget section */

/* Begin PBXProject section */
		D8C68E2F17E0775E002BCFCC /* Project object */ = {
			isa = PBXProject;
			attributes = {
				CLASSPREFIX = WT;
				LastUpgradeCheck = 0500;
				ORGANIZATIONNAME = WeTech;
				TargetAttributes = {
					D8C68E3617E0775E002BCFCC = {
						DevelopmentTeam = N2UEFM6YGY;
					};
					D8C68E5717E0775E002BCFCC = {
						TestTargetID = D8C68E3617E0775E002BCFCC;
					};
				};
			};
			buildConfigurationList = D8C68E3217E0775E002BCFCC /* Build configuration list for PBXProject "WeShake" */;
			compatibilityVersion = "Xcode 3.2";
			developmentRegion = English;
			hasScannedForEncodings = 0;
			knownRegions = (
				en,
				Base,
			);
			mainGroup = D8C68E2E17E0775E002BCFCC;
			productRefGroup = D8C68E3817E0775E002BCFCC /* Products */;
			projectDirPath = "";
			projectRoot = "";
			targets = (
				D8C68E3617E0775E002BCFCC /* WeShake */,
				D8C68E5717E0775E002BCFCC /* WeShakeTests */,
			);
		};
/* End PBXProject section */

/* Begin PBXResourcesBuildPhase section */
		D8C68E3517E0775E002BCFCC /* Resources */ = {
			isa = PBXResourcesBuildPhase;
			buildActionMask = 2147483647;
			files = (
				BBE5983217E59AAB00C1A33F /* shop_toast_image.png in Resources */,
				D81BE9C5182CC9A8008963BD /* region_area.plist in Resources */,
				D8F59CC318279FD500452799 /* camera_shutter@2x.png in Resources */,
				D8AFFC7E18307723001F045F /* share_grey_fb_botton@2x.png in Resources */,
				D8AFFC7518307723001F045F /* default_profile_female.png in Resources */,
				D8AFFC7D18307723001F045F /* share_grey_fb_botton.png in Resources */,
				D8F59CCB1827A77F00452799 /* share_twitter_botton@2x.png in Resources */,
				D8AFFC7618307723001F045F /* default_profile_female@2x.png in Resources */,
				D8AFFC7718307723001F045F /* default_profile_male.png in Resources */,
				D8C68E5317E0775E002BCFCC /* Images.xcassets in Resources */,
				D8AFFC7C18307723001F045F /* grey_star@2x.png in Resources */,
				D8AFFC7A18307723001F045F /* default_shop_pic@2x.png in Resources */,
				D8AFFC7F18307723001F045F /* share_grey_twitter_botton.png in Resources */,
				D8AFFC8E183077B4001F045F /* map_button@2x.png in Resources */,
				D8F59CCA1827A77F00452799 /* share_twitter_botton.png in Resources */,
				D8AFFC8018307723001F045F /* share_grey_twitter_botton@2x.png in Resources */,
				D8F59CC218279FD500452799 /* camera_shutter.png in Resources */,
				D8C68E4517E0775E002BCFCC /* InfoPlist.strings in Resources */,
				D8AFFC8A183077B4001F045F /* like_button@2x.png in Resources */,
				D8C68E4E17E0775E002BCFCC /* Main.storyboard in Resources */,
				D8F0F4811834D3F200289C54 /* home_camera_highlight.png in Resources */,
				D8AFFC89183077B4001F045F /* like_button.png in Resources */,
				BBE5983317E59AAB00C1A33F /* shop_toast_image@2x.png in Resources */,
				D8F59CB318278DF500452799 /* home_config@2x.png in Resources */,
				D8F0F4891834D3F200289C54 /* home_profile_highligh.png in Resources */,
				D86097E1182285B500779B24 /* twitter_long_botton@2x.png in Resources */,
				D8AFFC8F183077B4001F045F /* phone_button.png in Resources */,
				D883BDA5181A490000EC725D /* shop_no_photo.png in Resources */,
				D8F0F4881834D3F200289C54 /* home_find@2x.png in Resources */,
				D86097D3182285B500779B24 /* facebook_long_botton@2x.png in Resources */,
				BBE5983517E59CE200C1A33F /* WTToastView.xib in Resources */,
				D8AFFC90183077B4001F045F /* phone_button@2x.png in Resources */,
				D8F0F4821834D3F200289C54 /* home_camera_highlight@2x.png in Resources */,
				D81BEA1A182F50CC008963BD /* cell_seperate_line@2x.png in Resources */,
				D86097DC182285B500779B24 /* star.png in Resources */,
				D8609801182285C900779B24 /* list_checkmark@2x.png in Resources */,
				D8F0F4851834D3F200289C54 /* home_find_highlight.png in Resources */,
				D86097F6182285C900779B24 /* back_icon.png in Resources */,
				D81BEA1F182F575B008963BD /* app_logo@2x.png in Resources */,
				D86097DD182285B500779B24 /* star@2x.png in Resources */,
				D825D19D1819195C00E11E68 /* WTLoadMoreCell.xib in Resources */,
				D8AFFC8D183077B4001F045F /* map_button.png in Resources */,
				D8F59CC118279FD500452799 /* camera_gleam@2x.png in Resources */,
				D86097DA182285B500779B24 /* main_shake_button.png in Resources */,
				D81BE9C3182CC9A8008963BD /* area_district.plist in Resources */,
				D86097D9182285B500779B24 /* iphone@2x.png in Resources */,
				D86097E0182285B500779B24 /* twitter_long_botton.png in Resources */,
				D8F0F4841834D3F200289C54 /* home_camera@2x.png in Resources */,
				D822FB7318337E3800EA59EF /* cell_shop_profile_default@2x.png in Resources */,
				D86097DB182285B500779B24 /* main_shake_button@2x.png in Resources */,
				D8F0F48A1834D3F200289C54 /* home_profile_highligh@2x.png in Resources */,
				D86097D8182285B500779B24 /* iphone.png in Resources */,
				D8F0F4871834D3F200289C54 /* home_find.png in Resources */,
				D8F59CC91827A77F00452799 /* share_fb_botton@2x.png in Resources */,
				D8F0F48B1834D3F200289C54 /* home_profile.png in Resources */,
				D8AFFC7B18307723001F045F /* grey_star.png in Resources */,
				D8F0F48C1834D3F200289C54 /* home_profile@2x.png in Resources */,
				D8F0F4861834D3F200289C54 /* home_find_highlight@2x.png in Resources */,
				D81BE9C7182CCF28008963BD /* period_budget.plist in Resources */,
				D8AFFC8C183077B4001F045F /* liked_button@2x.png in Resources */,
				D81BE9C4182CC9A8008963BD /* genre_cuisine.plist in Resources */,
				D8F59CC018279FD500452799 /* camera_gleam.png in Resources */,
				D81BEA1E182F575B008963BD /* app_logo.png in Resources */,
				D8AFFC7918307723001F045F /* default_shop_pic.png in Resources */,
				D81BEA1B182F50CC008963BD /* cell_seperate_line.png in Resources */,
				D86097F7182285C900779B24 /* back_icon@2x.png in Resources */,
				D86097D2182285B500779B24 /* facebook_long_botton.png in Resources */,
				D8AFFC7818307723001F045F /* default_profile_male@2x.png in Resources */,
				D8609800182285C900779B24 /* list_checkmark.png in Resources */,
				D8F59CB218278DF500452799 /* home_config.png in Resources */,
				D8F0F48F1834E9F600289C54 /* main_place_arrow.png in Resources */,
				D8F0F4901834E9F600289C54 /* main_place_arrow@2x.png in Resources */,
				D8AFFC8B183077B4001F045F /* liked_button.png in Resources */,
				D822FB7418337E3800EA59EF /* cell_shop_profile_default.png in Resources */,
				D8F0F4831834D3F200289C54 /* home_camera.png in Resources */,
				D883BDA4181A490000EC725D /* shop_no_photo@2x.png in Resources */,
				D8F59CC81827A77F00452799 /* share_fb_botton.png in Resources */,
			);
			runOnlyForDeploymentPostprocessing = 0;
		};
		D8C68E5617E0775E002BCFCC /* Resources */ = {
			isa = PBXResourcesBuildPhase;
			buildActionMask = 2147483647;
			files = (
				D8C68E6417E0775E002BCFCC /* InfoPlist.strings in Resources */,
			);
			runOnlyForDeploymentPostprocessing = 0;
		};
/* End PBXResourcesBuildPhase section */

/* Begin PBXShellScriptBuildPhase section */
		390293C582CE41AE91D0C113 /* Copy Pods Resources */ = {
			isa = PBXShellScriptBuildPhase;
			buildActionMask = 2147483647;
			files = (
			);
			inputPaths = (
			);
			name = "Copy Pods Resources";
			outputPaths = (
			);
			runOnlyForDeploymentPostprocessing = 0;
			shellPath = /bin/sh;
			shellScript = "\"${SRCROOT}/Pods/Pods-resources.sh\"\n";
			showEnvVarsInLog = 0;
		};
		E854AE0765E9444599F081E5 /* Check Pods Manifest.lock */ = {
			isa = PBXShellScriptBuildPhase;
			buildActionMask = 2147483647;
			files = (
			);
			inputPaths = (
			);
			name = "Check Pods Manifest.lock";
			outputPaths = (
			);
			runOnlyForDeploymentPostprocessing = 0;
			shellPath = /bin/sh;
			shellScript = "diff \"${PODS_ROOT}/../Podfile.lock\" \"${PODS_ROOT}/Manifest.lock\" > /dev/null\nif [[ $? != 0 ]] ; then\n    cat << EOM\nerror: The sandbox is not in sync with the Podfile.lock. Run 'pod install' or update your CocoaPods installation.\nEOM\n    exit 1\nfi\n";
			showEnvVarsInLog = 0;
		};
/* End PBXShellScriptBuildPhase section */

/* Begin PBXSourcesBuildPhase section */
		D8C68E3317E0775E002BCFCC /* Sources */ = {
			isa = PBXSourcesBuildPhase;
			buildActionMask = 2147483647;
			files = (
				D8C68E9B17E0785F002BCFCC /* NSMutableArray+Shuffling.m in Sources */,
				D8C68EB417E0785F002BCFCC /* WTToastView.m in Sources */,
				D8C61E76180BF37B00E654BF /* WTHttpEngine.m in Sources */,
				D8AFFCD61830D5C2001F045F /* UIImage+ResizeAndCrop.m in Sources */,
				D8BD9DD918052AB700DC0F07 /* WTSettingManager.m in Sources */,
				D8CD93A417FD4A91002D5347 /* WTLocationManager.m in Sources */,
				D8BD9DDE1809381500DC0F07 /* WTDataDef.m in Sources */,
				D8CD93B317FD4ACC002D5347 /* WTSearchMenuViewController.m in Sources */,
				D81BE9CA182E1697008963BD /* WTShopInfoView.m in Sources */,
				D8609810182385C300779B24 /* WTShopAnnotation.m in Sources */,
				D8381E5D180D6B8A003C3166 /* WTSettingViewController.m in Sources */,
				D81BEA13182F2A21008963BD /* WTPlaceHolderTextView.m in Sources */,
				D8CD93B117FD4ACC002D5347 /* WTLoginViewController.m in Sources */,
				D8C68E4717E0775E002BCFCC /* main.m in Sources */,
				D8C68E4B17E0775E002BCFCC /* WTAppDelegate.m in Sources */,
				D8C68EB217E0785F002BCFCC /* WTShop.m in Sources */,
				D8CD93BB17FD5606002D5347 /* WTAboutMeViewController.m in Sources */,
				D8BD9DD618052A9A00DC0F07 /* WTUser.m in Sources */,
				D825D1A0181A3ECB00E11E68 /* WTShopPhoto.m in Sources */,
				D8F0F464183485D200289C54 /* WTSharePostShopCell.m in Sources */,
				D8CD93B217FD4ACC002D5347 /* WTMainViewController.m in Sources */,
				D8AFFC5C182F810E001F045F /* WTCustomNavigationController.m in Sources */,
				D825D19B1819191C00E11E68 /* WTLoadMoreCell.m in Sources */,
				D8CD93B517FD4ACC002D5347 /* WTShopViewController.m in Sources */,
				BBE5982F17E4890200C1A33F /* WTSearchViewCell.m in Sources */,
				D8C61E70180AA6F400E654BF /* WTSharePostCell.m in Sources */,
				D8CD93A517FD4A91002D5347 /* WTShopManager.m in Sources */,
				D8CD93B417FD4ACC002D5347 /* WTSearchViewController.m in Sources */,
				D8AFFC68182FD42E001F045F /* WTFavorViewController.m in Sources */,
				D860980A18235AB200779B24 /* WTShopMapViewController.m in Sources */,
				D8BD9DE11809580700DC0F07 /* WTPost.m in Sources */,
				D8CD93B817FD55E3002D5347 /* WTCaptureViewController.m in Sources */,
				D883BDA8181AA4A900EC725D /* WTSharePostViewController.m in Sources */,
				D8CD93A317FD4A91002D5347 /* WTAccountManager.m in Sources */,
				D8C68EC117E19E66002BCFCC /* WTSegmentedControl.m in Sources */,
			);
			runOnlyForDeploymentPostprocessing = 0;
		};
		D8C68E5417E0775E002BCFCC /* Sources */ = {
			isa = PBXSourcesBuildPhase;
			buildActionMask = 2147483647;
			files = (
				D8C68E6617E0775E002BCFCC /* WeShakeTests.m in Sources */,
			);
			runOnlyForDeploymentPostprocessing = 0;
		};
/* End PBXSourcesBuildPhase section */

/* Begin PBXTargetDependency section */
		D8C68E5E17E0775E002BCFCC /* PBXTargetDependency */ = {
			isa = PBXTargetDependency;
			target = D8C68E3617E0775E002BCFCC /* WeShake */;
			targetProxy = D8C68E5D17E0775E002BCFCC /* PBXContainerItemProxy */;
		};
/* End PBXTargetDependency section */

/* Begin PBXVariantGroup section */
		D8C68E4317E0775E002BCFCC /* InfoPlist.strings */ = {
			isa = PBXVariantGroup;
			children = (
				D8C68E4417E0775E002BCFCC /* en */,
			);
			name = InfoPlist.strings;
			sourceTree = "<group>";
		};
		D8C68E4C17E0775E002BCFCC /* Main.storyboard */ = {
			isa = PBXVariantGroup;
			children = (
				D8C68E4D17E0775E002BCFCC /* Base */,
			);
			name = Main.storyboard;
			sourceTree = "<group>";
		};
		D8C68E6217E0775E002BCFCC /* InfoPlist.strings */ = {
			isa = PBXVariantGroup;
			children = (
				D8C68E6317E0775E002BCFCC /* en */,
			);
			name = InfoPlist.strings;
			sourceTree = "<group>";
		};
/* End PBXVariantGroup section */

/* Begin XCBuildConfiguration section */
		D8C68E6717E0775E002BCFCC /* Debug */ = {
			isa = XCBuildConfiguration;
			buildSettings = {
				ALWAYS_SEARCH_USER_PATHS = NO;
				ARCHS = "$(ARCHS_STANDARD_INCLUDING_64_BIT)";
				CLANG_CXX_LANGUAGE_STANDARD = "gnu++0x";
				CLANG_CXX_LIBRARY = "libc++";
				CLANG_ENABLE_MODULES = YES;
				CLANG_ENABLE_OBJC_ARC = YES;
				CLANG_WARN_BOOL_CONVERSION = YES;
				CLANG_WARN_CONSTANT_CONVERSION = YES;
				CLANG_WARN_DIRECT_OBJC_ISA_USAGE = YES_ERROR;
				CLANG_WARN_EMPTY_BODY = YES;
				CLANG_WARN_ENUM_CONVERSION = YES;
				CLANG_WARN_INT_CONVERSION = YES;
				CLANG_WARN_OBJC_ROOT_CLASS = YES_ERROR;
				CLANG_WARN__DUPLICATE_METHOD_MATCH = YES;
				"CODE_SIGN_IDENTITY[sdk=iphoneos*]" = "iPhone Developer";
				COPY_PHASE_STRIP = NO;
				GCC_C_LANGUAGE_STANDARD = gnu99;
				GCC_DYNAMIC_NO_PIC = NO;
				GCC_OPTIMIZATION_LEVEL = 0;
				GCC_PREPROCESSOR_DEFINITIONS = (
					"DEBUG=1",
					"$(inherited)",
				);
				GCC_SYMBOLS_PRIVATE_EXTERN = NO;
				GCC_WARN_64_TO_32_BIT_CONVERSION = YES;
				GCC_WARN_ABOUT_RETURN_TYPE = YES_ERROR;
				GCC_WARN_UNDECLARED_SELECTOR = YES;
				GCC_WARN_UNINITIALIZED_AUTOS = YES;
				GCC_WARN_UNUSED_FUNCTION = YES;
				GCC_WARN_UNUSED_VARIABLE = YES;
				IPHONEOS_DEPLOYMENT_TARGET = 7.0;
				ONLY_ACTIVE_ARCH = YES;
				SDKROOT = iphoneos;
			};
			name = Debug;
		};
		D8C68E6817E0775E002BCFCC /* Release */ = {
			isa = XCBuildConfiguration;
			buildSettings = {
				ALWAYS_SEARCH_USER_PATHS = NO;
				ARCHS = "$(ARCHS_STANDARD_INCLUDING_64_BIT)";
				CLANG_CXX_LANGUAGE_STANDARD = "gnu++0x";
				CLANG_CXX_LIBRARY = "libc++";
				CLANG_ENABLE_MODULES = YES;
				CLANG_ENABLE_OBJC_ARC = YES;
				CLANG_WARN_BOOL_CONVERSION = YES;
				CLANG_WARN_CONSTANT_CONVERSION = YES;
				CLANG_WARN_DIRECT_OBJC_ISA_USAGE = YES_ERROR;
				CLANG_WARN_EMPTY_BODY = YES;
				CLANG_WARN_ENUM_CONVERSION = YES;
				CLANG_WARN_INT_CONVERSION = YES;
				CLANG_WARN_OBJC_ROOT_CLASS = YES_ERROR;
				CLANG_WARN__DUPLICATE_METHOD_MATCH = YES;
				"CODE_SIGN_IDENTITY[sdk=iphoneos*]" = "iPhone Developer";
				COPY_PHASE_STRIP = YES;
				ENABLE_NS_ASSERTIONS = NO;
				GCC_C_LANGUAGE_STANDARD = gnu99;
				GCC_WARN_64_TO_32_BIT_CONVERSION = YES;
				GCC_WARN_ABOUT_RETURN_TYPE = YES_ERROR;
				GCC_WARN_UNDECLARED_SELECTOR = YES;
				GCC_WARN_UNINITIALIZED_AUTOS = YES;
				GCC_WARN_UNUSED_FUNCTION = YES;
				GCC_WARN_UNUSED_VARIABLE = YES;
				IPHONEOS_DEPLOYMENT_TARGET = 7.0;
				SDKROOT = iphoneos;
				VALIDATE_PRODUCT = YES;
			};
			name = Release;
		};
		D8C68E6A17E0775E002BCFCC /* Debug */ = {
			isa = XCBuildConfiguration;
			baseConfigurationReference = 65AADFE6DD0F4336B004DD2A /* Pods.xcconfig */;
			buildSettings = {
				ASSETCATALOG_COMPILER_APPICON_NAME = AppIcon;
				ASSETCATALOG_COMPILER_LAUNCHIMAGE_NAME = LaunchImage;
				CODE_SIGN_IDENTITY = "iPhone Developer: Dong Huo (LY79M4PQV2)";
				"CODE_SIGN_IDENTITY[sdk=iphoneos*]" = "iPhone Developer: Dong Huo (LY79M4PQV2)";
				FRAMEWORK_SEARCH_PATHS = (
					"$(inherited)",
					/Users/keywind/Documents/WeShake,
					/Users/jindafeng/Documents/WeShake,
					/Users/jindafeng/Documents/FacebookSDK,
				);
				GCC_PRECOMPILE_PREFIX_HEADER = YES;
				GCC_PREFIX_HEADER = "WeShake/WeShake-Prefix.pch";
				INFOPLIST_FILE = "WeShake/WeShake-Info.plist";
				IPHONEOS_DEPLOYMENT_TARGET = 6.0;
				LIBRARY_SEARCH_PATHS = (
					"$(inherited)",
					/Users/jindafeng/Documents/WeShake/WeShake/Flurry,
				);
				PRODUCT_NAME = "$(TARGET_NAME)";
				PROVISIONING_PROFILE = "BD2A11AB-99CF-49DA-9589-175819DA25A5";
				WRAPPER_EXTENSION = app;
			};
			name = Debug;
		};
		D8C68E6B17E0775E002BCFCC /* Release */ = {
			isa = XCBuildConfiguration;
			baseConfigurationReference = 65AADFE6DD0F4336B004DD2A /* Pods.xcconfig */;
			buildSettings = {
				ASSETCATALOG_COMPILER_APPICON_NAME = AppIcon;
				ASSETCATALOG_COMPILER_LAUNCHIMAGE_NAME = LaunchImage;
				CODE_SIGN_IDENTITY = "iPhone Distribution: Dong Huo (N2UEFM6YGY)";
				"CODE_SIGN_IDENTITY[sdk=iphoneos*]" = "iPhone Distribution: Dong Huo (N2UEFM6YGY)";
				FRAMEWORK_SEARCH_PATHS = (
					"$(inherited)",
					/Users/keywind/Documents/WeShake,
					/Users/jindafeng/Documents/WeShake,
					/Users/jindafeng/Documents/FacebookSDK,
				);
				GCC_PRECOMPILE_PREFIX_HEADER = YES;
				GCC_PREFIX_HEADER = "WeShake/WeShake-Prefix.pch";
				INFOPLIST_FILE = "WeShake/WeShake-Info.plist";
				IPHONEOS_DEPLOYMENT_TARGET = 6.0;
				LIBRARY_SEARCH_PATHS = (
					"$(inherited)",
					/Users/jindafeng/Documents/WeShake/WeShake/Flurry,
				);
				PRODUCT_NAME = "$(TARGET_NAME)";
				PROVISIONING_PROFILE = "BD2A11AB-99CF-49DA-9589-175819DA25A5";
				WRAPPER_EXTENSION = app;
			};
			name = Release;
		};
		D8C68E6D17E0775E002BCFCC /* Debug */ = {
			isa = XCBuildConfiguration;
			buildSettings = {
				ARCHS = "$(ARCHS_STANDARD_INCLUDING_64_BIT)";
				BUNDLE_LOADER = "$(BUILT_PRODUCTS_DIR)/WeShake.app/WeShake";
				FRAMEWORK_SEARCH_PATHS = (
					"$(SDKROOT)/Developer/Library/Frameworks",
					"$(inherited)",
					"$(DEVELOPER_FRAMEWORKS_DIR)",
				);
				GCC_PRECOMPILE_PREFIX_HEADER = YES;
				GCC_PREFIX_HEADER = "WeShake/WeShake-Prefix.pch";
				GCC_PREPROCESSOR_DEFINITIONS = (
					"DEBUG=1",
					"$(inherited)",
				);
				INFOPLIST_FILE = "WeShakeTests/WeShakeTests-Info.plist";
				PRODUCT_NAME = "$(TARGET_NAME)";
				TEST_HOST = "$(BUNDLE_LOADER)";
				WRAPPER_EXTENSION = xctest;
			};
			name = Debug;
		};
		D8C68E6E17E0775E002BCFCC /* Release */ = {
			isa = XCBuildConfiguration;
			buildSettings = {
				ARCHS = "$(ARCHS_STANDARD_INCLUDING_64_BIT)";
				BUNDLE_LOADER = "$(BUILT_PRODUCTS_DIR)/WeShake.app/WeShake";
				FRAMEWORK_SEARCH_PATHS = (
					"$(SDKROOT)/Developer/Library/Frameworks",
					"$(inherited)",
					"$(DEVELOPER_FRAMEWORKS_DIR)",
				);
				GCC_PRECOMPILE_PREFIX_HEADER = YES;
				GCC_PREFIX_HEADER = "WeShake/WeShake-Prefix.pch";
				INFOPLIST_FILE = "WeShakeTests/WeShakeTests-Info.plist";
				PRODUCT_NAME = "$(TARGET_NAME)";
				TEST_HOST = "$(BUNDLE_LOADER)";
				WRAPPER_EXTENSION = xctest;
			};
			name = Release;
		};
/* End XCBuildConfiguration section */

/* Begin XCConfigurationList section */
		D8C68E3217E0775E002BCFCC /* Build configuration list for PBXProject "WeShake" */ = {
			isa = XCConfigurationList;
			buildConfigurations = (
				D8C68E6717E0775E002BCFCC /* Debug */,
				D8C68E6817E0775E002BCFCC /* Release */,
			);
			defaultConfigurationIsVisible = 0;
			defaultConfigurationName = Release;
		};
		D8C68E6917E0775E002BCFCC /* Build configuration list for PBXNativeTarget "WeShake" */ = {
			isa = XCConfigurationList;
			buildConfigurations = (
				D8C68E6A17E0775E002BCFCC /* Debug */,
				D8C68E6B17E0775E002BCFCC /* Release */,
			);
			defaultConfigurationIsVisible = 0;
			defaultConfigurationName = Release;
		};
		D8C68E6C17E0775E002BCFCC /* Build configuration list for PBXNativeTarget "WeShakeTests" */ = {
			isa = XCConfigurationList;
			buildConfigurations = (
				D8C68E6D17E0775E002BCFCC /* Debug */,
				D8C68E6E17E0775E002BCFCC /* Release */,
			);
			defaultConfigurationIsVisible = 0;
			defaultConfigurationName = Release;
		};
/* End XCConfigurationList section */
	};
	rootObject = D8C68E2F17E0775E002BCFCC /* Project object */;
}
